
Microsoft Visual Studio Solution File, Format Version 12.00
# Visual Studio Version 17
VisualStudioVersion = 17.4.33213.308
MinimumVisualStudioVersion = 10.0.40219.1
Project("{FAE04EC0-301F-11D3-BF4B-00C04F79EFBC}") = "T01. Car", "T01. Car\T01. Car.csproj", "{5624ACB8-5241-4AE4-9DE6-7EDE258C156E}"
EndProject
Project("{FAE04EC0-301F-11D3-BF4B-00C04F79EFBC}") = "T02. Car Extension", "T02. Car Extension\T02. Car Extension.csproj", "{C7C92845-4C20-43E9-8C9E-5F06639809E0}"
EndProject
Project("{FAE04EC0-301F-11D3-BF4B-00C04F79EFBC}") = "T03. Car Constructors", "T03. Car Constructors\T03. Car Constructors.csproj", "{3B207558-56DB-486F-9DF4-EF8B5BD3FBB1}"
EndProject
Project("{FAE04EC0-301F-11D3-BF4B-00C04F79EFBC}") = "T04. Car Engine And Tires", "T04. Car Engine And Tires\T04. Car Engine And Tires.csproj", "{E134780B-9145-4041-B715-6B76228BDAEB}"
EndProject
Project("{FAE04EC0-301F-11D3-BF4B-00C04F79EFBC}") = "T05. Special Cars", "T05. Special Cars\T05. Special Cars.csproj", "{C4FF0DDA-5F6E-43B9-A87E-58F3F203154F}"
EndProject
Global
	GlobalSection(SolutionConfigurationPlatforms) = preSolution
		Debug|Any CPU = Debug|Any CPU
		Release|Any CPU = Release|Any CPU
	EndGlobalSection
	GlobalSection(ProjectConfigurationPlatforms) = postSolution
		{5624ACB8-5241-4AE4-9DE6-7EDE258C156E}.Debug|Any CPU.ActiveCfg = Debug|Any CPU
		{5624ACB8-5241-4AE4-9DE6-7EDE258C156E}.Debug|Any CPU.Build.0 = Debug|Any CPU
		{5624ACB8-5241-4AE4-9DE6-7EDE258C156E}.Release|Any CPU.ActiveCfg = Release|Any CPU
		{5624ACB8-5241-4AE4-9DE6-7EDE258C156E}.Release|Any CPU.Build.0 = Release|Any CPU
		{C7C92845-4C20-43E9-8C9E-5F06639809E0}.Debug|Any CPU.ActiveCfg = Debug|Any CPU
		{C7C92845-4C20-43E9-8C9E-5F06639809E0}.Debug|Any CPU.Build.0 = Debug|Any CPU
		{C7C92845-4C20-43E9-8C9E-5F06639809E0}.Release|Any CPU.ActiveCfg = Release|Any CPU
		{C7C92845-4C20-43E9-8C9E-5F06639809E0}.Release|Any CPU.Build.0 = Release|Any CPU
		{3B207558-56DB-486F-9DF4-EF8B5BD3FBB1}.Debug|Any CPU.ActiveCfg = Debug|Any CPU
		{3B207558-56DB-486F-9DF4-EF8B5BD3FBB1}.Debug|Any CPU.Build.0 = Debug|Any CPU
		{3B207558-56DB-486F-9DF4-EF8B5BD3FBB1}.Release|Any CPU.ActiveCfg = Release|Any CPU
		{3B207558-56DB-486F-9DF4-EF8B5BD3FBB1}.Release|Any CPU.Build.0 = Release|Any CPU
		{E134780B-9145-4041-B715-6B76228BDAEB}.Debug|Any CPU.ActiveCfg = Debug|Any CPU
		{E134780B-9145-4041-B715-6B76228BDAEB}.Debug|Any CPU.Build.0 = Debug|Any CPU
		{E134780B-9145-4041-B715-6B76228BDAEB}.Release|Any CPU.ActiveCfg = Release|Any CPU
		{E134780B-9145-4041-B715-6B76228BDAEB}.Release|Any CPU.Build.0 = Release|Any CPU
		{C4FF0DDA-5F6E-43B9-A87E-58F3F203154F}.Debug|Any CPU.ActiveCfg = Debug|Any CPU
		{C4FF0DDA-5F6E-43B9-A87E-58F3F203154F}.Debug|Any CPU.Build.0 = Debug|Any CPU
		{C4FF0DDA-5F6E-43B9-A87E-58F3F203154F}.Release|Any CPU.ActiveCfg = Release|Any CPU
		{C4FF0DDA-5F6E-43B9-A87E-58F3F203154F}.Release|Any CPU.Build.0 = Release|Any CPU
	EndGlobalSection
	GlobalSection(SolutionProperties) = preSolution
		HideSolutionNode = FALSE
	EndGlobalSection
	GlobalSection(ExtensibilityGlobals) = postSolution
		SolutionGuid = {F7995C9E-2D7A-49E3-B4FD-3E6447B1C862}
	EndGlobalSection
EndGlobal
