
Microsoft Visual Studio Solution File, Format Version 12.00
# Visual Studio Version 17
VisualStudioVersion = 17.2.32630.192
MinimumVisualStudioVersion = 10.0.40219.1
Project("{FAE04EC0-301F-11D3-BF4B-00C04F79EFBC}") = "T01. Smallest of Three Numbers", "T01. Smallest of Three Numbers\T01. Smallest of Three Numbers.csproj", "{B8C65C8F-46A1-4FDA-A976-6258F1DD07E4}"
EndProject
Project("{FAE04EC0-301F-11D3-BF4B-00C04F79EFBC}") = "T02. Vowels Count", "T02. Vowels Count\T02. Vowels Count.csproj", "{79BFB21A-5C6E-4DB8-A4B0-6EC804834D18}"
EndProject
Project("{FAE04EC0-301F-11D3-BF4B-00C04F79EFBC}") = "T03. Characters in Range", "T03. Characters in Range\T03. Characters in Range.csproj", "{8B3B7539-D946-40DB-B7F0-967C2AE48CC6}"
EndProject
Project("{FAE04EC0-301F-11D3-BF4B-00C04F79EFBC}") = "T04. Password Validator", "T04. Password Validator\T04. Password Validator.csproj", "{ED1672E6-19DF-4556-89C0-AAE94224FDC8}"
EndProject
Project("{FAE04EC0-301F-11D3-BF4B-00C04F79EFBC}") = "T05. Add and Subtract", "T05. Add and Subtract\T05. Add and Subtract.csproj", "{DD8007E0-CB58-428C-939D-1FC736F51556}"
EndProject
Project("{FAE04EC0-301F-11D3-BF4B-00C04F79EFBC}") = "T06. Middle Characters", "T06. Middle Characters\T06. Middle Characters.csproj", "{FE21ECA7-6E44-4719-900C-EBC8AB14634E}"
EndProject
Project("{FAE04EC0-301F-11D3-BF4B-00C04F79EFBC}") = "T07. NxN Matrix", "T07. NxN Matrix\T07. NxN Matrix.csproj", "{C273DF8A-AC79-4BF1-AD28-3BBD87CDBE94}"
EndProject
Project("{FAE04EC0-301F-11D3-BF4B-00C04F79EFBC}") = "T08. Factorial Division", "T08. Factorial Division\T08. Factorial Division.csproj", "{62968683-A0A6-43F9-AD5D-D93509737A6E}"
EndProject
Project("{FAE04EC0-301F-11D3-BF4B-00C04F79EFBC}") = "T09. Palindrome Integers", "T09. Palindrome Integers\T09. Palindrome Integers.csproj", "{1A17E355-72EF-4A43-874F-DD975E058398}"
EndProject
Project("{FAE04EC0-301F-11D3-BF4B-00C04F79EFBC}") = "T10. Top Number", "T10. Top Number\T10. Top Number.csproj", "{24167BC9-B778-4CE5-87B6-F98D867320C5}"
EndProject
Global
	GlobalSection(SolutionConfigurationPlatforms) = preSolution
		Debug|Any CPU = Debug|Any CPU
		Release|Any CPU = Release|Any CPU
	EndGlobalSection
	GlobalSection(ProjectConfigurationPlatforms) = postSolution
		{B8C65C8F-46A1-4FDA-A976-6258F1DD07E4}.Debug|Any CPU.ActiveCfg = Debug|Any CPU
		{B8C65C8F-46A1-4FDA-A976-6258F1DD07E4}.Debug|Any CPU.Build.0 = Debug|Any CPU
		{B8C65C8F-46A1-4FDA-A976-6258F1DD07E4}.Release|Any CPU.ActiveCfg = Release|Any CPU
		{B8C65C8F-46A1-4FDA-A976-6258F1DD07E4}.Release|Any CPU.Build.0 = Release|Any CPU
		{79BFB21A-5C6E-4DB8-A4B0-6EC804834D18}.Debug|Any CPU.ActiveCfg = Debug|Any CPU
		{79BFB21A-5C6E-4DB8-A4B0-6EC804834D18}.Debug|Any CPU.Build.0 = Debug|Any CPU
		{79BFB21A-5C6E-4DB8-A4B0-6EC804834D18}.Release|Any CPU.ActiveCfg = Release|Any CPU
		{79BFB21A-5C6E-4DB8-A4B0-6EC804834D18}.Release|Any CPU.Build.0 = Release|Any CPU
		{8B3B7539-D946-40DB-B7F0-967C2AE48CC6}.Debug|Any CPU.ActiveCfg = Debug|Any CPU
		{8B3B7539-D946-40DB-B7F0-967C2AE48CC6}.Debug|Any CPU.Build.0 = Debug|Any CPU
		{8B3B7539-D946-40DB-B7F0-967C2AE48CC6}.Release|Any CPU.ActiveCfg = Release|Any CPU
		{8B3B7539-D946-40DB-B7F0-967C2AE48CC6}.Release|Any CPU.Build.0 = Release|Any CPU
		{ED1672E6-19DF-4556-89C0-AAE94224FDC8}.Debug|Any CPU.ActiveCfg = Debug|Any CPU
		{ED1672E6-19DF-4556-89C0-AAE94224FDC8}.Debug|Any CPU.Build.0 = Debug|Any CPU
		{ED1672E6-19DF-4556-89C0-AAE94224FDC8}.Release|Any CPU.ActiveCfg = Release|Any CPU
		{ED1672E6-19DF-4556-89C0-AAE94224FDC8}.Release|Any CPU.Build.0 = Release|Any CPU
		{DD8007E0-CB58-428C-939D-1FC736F51556}.Debug|Any CPU.ActiveCfg = Debug|Any CPU
		{DD8007E0-CB58-428C-939D-1FC736F51556}.Debug|Any CPU.Build.0 = Debug|Any CPU
		{DD8007E0-CB58-428C-939D-1FC736F51556}.Release|Any CPU.ActiveCfg = Release|Any CPU
		{DD8007E0-CB58-428C-939D-1FC736F51556}.Release|Any CPU.Build.0 = Release|Any CPU
		{FE21ECA7-6E44-4719-900C-EBC8AB14634E}.Debug|Any CPU.ActiveCfg = Debug|Any CPU
		{FE21ECA7-6E44-4719-900C-EBC8AB14634E}.Debug|Any CPU.Build.0 = Debug|Any CPU
		{FE21ECA7-6E44-4719-900C-EBC8AB14634E}.Release|Any CPU.ActiveCfg = Release|Any CPU
		{FE21ECA7-6E44-4719-900C-EBC8AB14634E}.Release|Any CPU.Build.0 = Release|Any CPU
		{C273DF8A-AC79-4BF1-AD28-3BBD87CDBE94}.Debug|Any CPU.ActiveCfg = Debug|Any CPU
		{C273DF8A-AC79-4BF1-AD28-3BBD87CDBE94}.Debug|Any CPU.Build.0 = Debug|Any CPU
		{C273DF8A-AC79-4BF1-AD28-3BBD87CDBE94}.Release|Any CPU.ActiveCfg = Release|Any CPU
		{C273DF8A-AC79-4BF1-AD28-3BBD87CDBE94}.Release|Any CPU.Build.0 = Release|Any CPU
		{62968683-A0A6-43F9-AD5D-D93509737A6E}.Debug|Any CPU.ActiveCfg = Debug|Any CPU
		{62968683-A0A6-43F9-AD5D-D93509737A6E}.Debug|Any CPU.Build.0 = Debug|Any CPU
		{62968683-A0A6-43F9-AD5D-D93509737A6E}.Release|Any CPU.ActiveCfg = Release|Any CPU
		{62968683-A0A6-43F9-AD5D-D93509737A6E}.Release|Any CPU.Build.0 = Release|Any CPU
		{1A17E355-72EF-4A43-874F-DD975E058398}.Debug|Any CPU.ActiveCfg = Debug|Any CPU
		{1A17E355-72EF-4A43-874F-DD975E058398}.Debug|Any CPU.Build.0 = Debug|Any CPU
		{1A17E355-72EF-4A43-874F-DD975E058398}.Release|Any CPU.ActiveCfg = Release|Any CPU
		{1A17E355-72EF-4A43-874F-DD975E058398}.Release|Any CPU.Build.0 = Release|Any CPU
		{24167BC9-B778-4CE5-87B6-F98D867320C5}.Debug|Any CPU.ActiveCfg = Debug|Any CPU
		{24167BC9-B778-4CE5-87B6-F98D867320C5}.Debug|Any CPU.Build.0 = Debug|Any CPU
		{24167BC9-B778-4CE5-87B6-F98D867320C5}.Release|Any CPU.ActiveCfg = Release|Any CPU
		{24167BC9-B778-4CE5-87B6-F98D867320C5}.Release|Any CPU.Build.0 = Release|Any CPU
	EndGlobalSection
	GlobalSection(SolutionProperties) = preSolution
		HideSolutionNode = FALSE
	EndGlobalSection
	GlobalSection(ExtensibilityGlobals) = postSolution
		SolutionGuid = {6B495297-5840-4085-AB99-141B802F94AD}
	EndGlobalSection
EndGlobal
