
Microsoft Visual Studio Solution File, Format Version 12.00
# Visual Studio Version 17
VisualStudioVersion = 17.7.34202.233
MinimumVisualStudioVersion = 10.0.40219.1
Project("{9A19103F-16F7-4668-BE54-9A1E7A4F7556}") = "01. Student System", "01. Student System\01. Student System.csproj", "{2BAB6F66-0794-4CE6-AA02-CA26A26B22B4}"
EndProject
Project("{FAE04EC0-301F-11D3-BF4B-00C04F79EFBC}") = "02. Football Betting", "02. Football Betting\02. Football Betting.csproj", "{19803C59-81BB-4BCD-B7A2-CB2D46DD5119}"
EndProject
Project("{FAE04EC0-301F-11D3-BF4B-00C04F79EFBC}") = "P01_StudentSystem (With Attributes)", "P01_StudentSystem (With Attributes)\P01_StudentSystem (With Attributes).csproj", "{C8B8B457-3584-4E8E-8F48-5A309C93CFBC}"
EndProject
Global
	GlobalSection(SolutionConfigurationPlatforms) = preSolution
		Debug|Any CPU = Debug|Any CPU
		Release|Any CPU = Release|Any CPU
	EndGlobalSection
	GlobalSection(ProjectConfigurationPlatforms) = postSolution
		{2BAB6F66-0794-4CE6-AA02-CA26A26B22B4}.Debug|Any CPU.ActiveCfg = Debug|Any CPU
		{2BAB6F66-0794-4CE6-AA02-CA26A26B22B4}.Debug|Any CPU.Build.0 = Debug|Any CPU
		{2BAB6F66-0794-4CE6-AA02-CA26A26B22B4}.Release|Any CPU.ActiveCfg = Release|Any CPU
		{2BAB6F66-0794-4CE6-AA02-CA26A26B22B4}.Release|Any CPU.Build.0 = Release|Any CPU
		{19803C59-81BB-4BCD-B7A2-CB2D46DD5119}.Debug|Any CPU.ActiveCfg = Debug|Any CPU
		{19803C59-81BB-4BCD-B7A2-CB2D46DD5119}.Debug|Any CPU.Build.0 = Debug|Any CPU
		{19803C59-81BB-4BCD-B7A2-CB2D46DD5119}.Release|Any CPU.ActiveCfg = Release|Any CPU
		{19803C59-81BB-4BCD-B7A2-CB2D46DD5119}.Release|Any CPU.Build.0 = Release|Any CPU
		{C8B8B457-3584-4E8E-8F48-5A309C93CFBC}.Debug|Any CPU.ActiveCfg = Debug|Any CPU
		{C8B8B457-3584-4E8E-8F48-5A309C93CFBC}.Debug|Any CPU.Build.0 = Debug|Any CPU
		{C8B8B457-3584-4E8E-8F48-5A309C93CFBC}.Release|Any CPU.ActiveCfg = Release|Any CPU
		{C8B8B457-3584-4E8E-8F48-5A309C93CFBC}.Release|Any CPU.Build.0 = Release|Any CPU
	EndGlobalSection
	GlobalSection(SolutionProperties) = preSolution
		HideSolutionNode = FALSE
	EndGlobalSection
	GlobalSection(ExtensibilityGlobals) = postSolution
		SolutionGuid = {5D48B3A9-803A-4ECD-90CD-F68D906B9452}
	EndGlobalSection
EndGlobal
