
Microsoft Visual Studio Solution File, Format Version 12.00
# Visual Studio Version 17
VisualStudioVersion = 17.3.32901.215
MinimumVisualStudioVersion = 10.0.40219.1
Project("{FAE04EC0-301F-11D3-BF4B-00C04F79EFBC}") = "T01. Basic Stack Operations", "T01. Basic Stack Operations\T01. Basic Stack Operations.csproj", "{874DABE7-A16B-41C8-824B-EFD3A978B2FE}"
EndProject
Project("{FAE04EC0-301F-11D3-BF4B-00C04F79EFBC}") = "T02. Basic Queue Operations", "T02. Basic Queue Operations\T02. Basic Queue Operations.csproj", "{F19E7218-7FA3-4773-A5C1-819515D623A6}"
EndProject
Project("{FAE04EC0-301F-11D3-BF4B-00C04F79EFBC}") = "T03. Maximum and Minimum Element", "T03. Maximum and Minimum Element\T03. Maximum and Minimum Element.csproj", "{D378F42D-4209-4E04-B92E-70E2F65556D6}"
EndProject
Global
	GlobalSection(SolutionConfigurationPlatforms) = preSolution
		Debug|Any CPU = Debug|Any CPU
		Release|Any CPU = Release|Any CPU
	EndGlobalSection
	GlobalSection(ProjectConfigurationPlatforms) = postSolution
		{874DABE7-A16B-41C8-824B-EFD3A978B2FE}.Debug|Any CPU.ActiveCfg = Debug|Any CPU
		{874DABE7-A16B-41C8-824B-EFD3A978B2FE}.Debug|Any CPU.Build.0 = Debug|Any CPU
		{874DABE7-A16B-41C8-824B-EFD3A978B2FE}.Release|Any CPU.ActiveCfg = Release|Any CPU
		{874DABE7-A16B-41C8-824B-EFD3A978B2FE}.Release|Any CPU.Build.0 = Release|Any CPU
		{F19E7218-7FA3-4773-A5C1-819515D623A6}.Debug|Any CPU.ActiveCfg = Debug|Any CPU
		{F19E7218-7FA3-4773-A5C1-819515D623A6}.Debug|Any CPU.Build.0 = Debug|Any CPU
		{F19E7218-7FA3-4773-A5C1-819515D623A6}.Release|Any CPU.ActiveCfg = Release|Any CPU
		{F19E7218-7FA3-4773-A5C1-819515D623A6}.Release|Any CPU.Build.0 = Release|Any CPU
		{D378F42D-4209-4E04-B92E-70E2F65556D6}.Debug|Any CPU.ActiveCfg = Debug|Any CPU
		{D378F42D-4209-4E04-B92E-70E2F65556D6}.Debug|Any CPU.Build.0 = Debug|Any CPU
		{D378F42D-4209-4E04-B92E-70E2F65556D6}.Release|Any CPU.ActiveCfg = Release|Any CPU
		{D378F42D-4209-4E04-B92E-70E2F65556D6}.Release|Any CPU.Build.0 = Release|Any CPU
	EndGlobalSection
	GlobalSection(SolutionProperties) = preSolution
		HideSolutionNode = FALSE
	EndGlobalSection
	GlobalSection(ExtensibilityGlobals) = postSolution
		SolutionGuid = {CC04722C-C5EF-492C-A605-F506A92CF47F}
	EndGlobalSection
EndGlobal
