
Microsoft Visual Studio Solution File, Format Version 12.00
# Visual Studio Version 17
VisualStudioVersion = 17.3.32825.248
MinimumVisualStudioVersion = 10.0.40219.1
Project("{FAE04EC0-301F-11D3-BF4B-00C04F79EFBC}") = "T01. Advertisement Message", "T01. Advertisement Message\T01. Advertisement Message.csproj", "{B0B2AC1F-64A5-4583-9D46-7640C7489DE7}"
EndProject
Global
	GlobalSection(SolutionConfigurationPlatforms) = preSolution
		Debug|Any CPU = Debug|Any CPU
		Release|Any CPU = Release|Any CPU
	EndGlobalSection
	GlobalSection(ProjectConfigurationPlatforms) = postSolution
		{B0B2AC1F-64A5-4583-9D46-7640C7489DE7}.Debug|Any CPU.ActiveCfg = Debug|Any CPU
		{B0B2AC1F-64A5-4583-9D46-7640C7489DE7}.Debug|Any CPU.Build.0 = Debug|Any CPU
		{B0B2AC1F-64A5-4583-9D46-7640C7489DE7}.Release|Any CPU.ActiveCfg = Release|Any CPU
		{B0B2AC1F-64A5-4583-9D46-7640C7489DE7}.Release|Any CPU.Build.0 = Release|Any CPU
	EndGlobalSection
	GlobalSection(SolutionProperties) = preSolution
		HideSolutionNode = FALSE
	EndGlobalSection
	GlobalSection(ExtensibilityGlobals) = postSolution
		SolutionGuid = {63901082-1BD1-4F41-AB24-10EC2EE8CF8A}
	EndGlobalSection
EndGlobal
