
Microsoft Visual Studio Solution File, Format Version 12.00
# Visual Studio Version 17
VisualStudioVersion = 17.3.32825.248
MinimumVisualStudioVersion = 10.0.40219.1
Project("{9A19103F-16F7-4668-BE54-9A1E7A4F7556}") = "T01. Advertisement Message", "T01. Advertisement Message\T01. Advertisement Message.csproj", "{B0B2AC1F-64A5-4583-9D46-7640C7489DE7}"
EndProject
Project("{FAE04EC0-301F-11D3-BF4B-00C04F79EFBC}") = "T02. Articles", "T02. Articles\T02. Articles.csproj", "{57635564-491D-4D7A-BBDC-01D780B9A718}"
EndProject
Project("{FAE04EC0-301F-11D3-BF4B-00C04F79EFBC}") = "T03. Articles 2.0", "T03. Articles 2.0\T03. Articles 2.0.csproj", "{B4BD6765-CDCD-45A4-87C3-01535F9161CC}"
EndProject
Project("{FAE04EC0-301F-11D3-BF4B-00C04F79EFBC}") = "T04. Students", "T04. Students\T04. Students.csproj", "{BDFBF5B0-FD64-4F6E-8991-C0E936FE125D}"
EndProject
Project("{FAE04EC0-301F-11D3-BF4B-00C04F79EFBC}") = "T05. Teamwork Projects", "T05. Teamwork Projects\T05. Teamwork Projects.csproj", "{3F71E991-6A61-49F7-8397-E9F1A2B21EB4}"
EndProject
Project("{FAE04EC0-301F-11D3-BF4B-00C04F79EFBC}") = "T06. Vehicle Catalogue", "T06. Vehicle Catalogue\T06. Vehicle Catalogue.csproj", "{1FF91947-EC15-48AD-837A-2CABF79B2BAD}"
EndProject
Project("{FAE04EC0-301F-11D3-BF4B-00C04F79EFBC}") = "T07. Order by Age", "T07. Order by Age\T07. Order by Age.csproj", "{05320DD1-8940-4253-B499-09D66E215C19}"
EndProject
Global
	GlobalSection(SolutionConfigurationPlatforms) = preSolution
		Debug|Any CPU = Debug|Any CPU
		Release|Any CPU = Release|Any CPU
	EndGlobalSection
	GlobalSection(ProjectConfigurationPlatforms) = postSolution
		{B0B2AC1F-64A5-4583-9D46-7640C7489DE7}.Debug|Any CPU.ActiveCfg = Debug|Any CPU
		{B0B2AC1F-64A5-4583-9D46-7640C7489DE7}.Debug|Any CPU.Build.0 = Debug|Any CPU
		{B0B2AC1F-64A5-4583-9D46-7640C7489DE7}.Release|Any CPU.ActiveCfg = Release|Any CPU
		{B0B2AC1F-64A5-4583-9D46-7640C7489DE7}.Release|Any CPU.Build.0 = Release|Any CPU
		{57635564-491D-4D7A-BBDC-01D780B9A718}.Debug|Any CPU.ActiveCfg = Debug|Any CPU
		{57635564-491D-4D7A-BBDC-01D780B9A718}.Debug|Any CPU.Build.0 = Debug|Any CPU
		{57635564-491D-4D7A-BBDC-01D780B9A718}.Release|Any CPU.ActiveCfg = Release|Any CPU
		{57635564-491D-4D7A-BBDC-01D780B9A718}.Release|Any CPU.Build.0 = Release|Any CPU
		{B4BD6765-CDCD-45A4-87C3-01535F9161CC}.Debug|Any CPU.ActiveCfg = Debug|Any CPU
		{B4BD6765-CDCD-45A4-87C3-01535F9161CC}.Debug|Any CPU.Build.0 = Debug|Any CPU
		{B4BD6765-CDCD-45A4-87C3-01535F9161CC}.Release|Any CPU.ActiveCfg = Release|Any CPU
		{B4BD6765-CDCD-45A4-87C3-01535F9161CC}.Release|Any CPU.Build.0 = Release|Any CPU
		{BDFBF5B0-FD64-4F6E-8991-C0E936FE125D}.Debug|Any CPU.ActiveCfg = Debug|Any CPU
		{BDFBF5B0-FD64-4F6E-8991-C0E936FE125D}.Debug|Any CPU.Build.0 = Debug|Any CPU
		{BDFBF5B0-FD64-4F6E-8991-C0E936FE125D}.Release|Any CPU.ActiveCfg = Release|Any CPU
		{BDFBF5B0-FD64-4F6E-8991-C0E936FE125D}.Release|Any CPU.Build.0 = Release|Any CPU
		{3F71E991-6A61-49F7-8397-E9F1A2B21EB4}.Debug|Any CPU.ActiveCfg = Debug|Any CPU
		{3F71E991-6A61-49F7-8397-E9F1A2B21EB4}.Debug|Any CPU.Build.0 = Debug|Any CPU
		{3F71E991-6A61-49F7-8397-E9F1A2B21EB4}.Release|Any CPU.ActiveCfg = Release|Any CPU
		{3F71E991-6A61-49F7-8397-E9F1A2B21EB4}.Release|Any CPU.Build.0 = Release|Any CPU
		{1FF91947-EC15-48AD-837A-2CABF79B2BAD}.Debug|Any CPU.ActiveCfg = Debug|Any CPU
		{1FF91947-EC15-48AD-837A-2CABF79B2BAD}.Debug|Any CPU.Build.0 = Debug|Any CPU
		{1FF91947-EC15-48AD-837A-2CABF79B2BAD}.Release|Any CPU.ActiveCfg = Release|Any CPU
		{1FF91947-EC15-48AD-837A-2CABF79B2BAD}.Release|Any CPU.Build.0 = Release|Any CPU
		{05320DD1-8940-4253-B499-09D66E215C19}.Debug|Any CPU.ActiveCfg = Debug|Any CPU
		{05320DD1-8940-4253-B499-09D66E215C19}.Debug|Any CPU.Build.0 = Debug|Any CPU
		{05320DD1-8940-4253-B499-09D66E215C19}.Release|Any CPU.ActiveCfg = Release|Any CPU
		{05320DD1-8940-4253-B499-09D66E215C19}.Release|Any CPU.Build.0 = Release|Any CPU
	EndGlobalSection
	GlobalSection(SolutionProperties) = preSolution
		HideSolutionNode = FALSE
	EndGlobalSection
	GlobalSection(ExtensibilityGlobals) = postSolution
		SolutionGuid = {63901082-1BD1-4F41-AB24-10EC2EE8CF8A}
	EndGlobalSection
EndGlobal
