
Microsoft Visual Studio Solution File, Format Version 12.00
# Visual Studio Version 17
VisualStudioVersion = 17.7.34302.85
MinimumVisualStudioVersion = 10.0.40219.1
Project("{9A19103F-16F7-4668-BE54-9A1E7A4F7556}") = "01. Model Definition", "01. Model Definition\01. Model Definition.csproj", "{65645D72-F18D-4B02-A4EC-D8C550AD3F92}"
EndProject
Global
	GlobalSection(SolutionConfigurationPlatforms) = preSolution
		Debug|Any CPU = Debug|Any CPU
		Release|Any CPU = Release|Any CPU
	EndGlobalSection
	GlobalSection(ProjectConfigurationPlatforms) = postSolution
		{65645D72-F18D-4B02-A4EC-D8C550AD3F92}.Debug|Any CPU.ActiveCfg = Debug|Any CPU
		{65645D72-F18D-4B02-A4EC-D8C550AD3F92}.Debug|Any CPU.Build.0 = Debug|Any CPU
		{65645D72-F18D-4B02-A4EC-D8C550AD3F92}.Release|Any CPU.ActiveCfg = Release|Any CPU
		{65645D72-F18D-4B02-A4EC-D8C550AD3F92}.Release|Any CPU.Build.0 = Release|Any CPU
	EndGlobalSection
	GlobalSection(SolutionProperties) = preSolution
		HideSolutionNode = FALSE
	EndGlobalSection
	GlobalSection(ExtensibilityGlobals) = postSolution
		SolutionGuid = {E0C71CA2-CB4F-4EDA-88FE-E6EE235BFF97}
	EndGlobalSection
EndGlobal
