
Microsoft Visual Studio Solution File, Format Version 12.00
# Visual Studio Version 17
VisualStudioVersion = 17.1.32407.343
MinimumVisualStudioVersion = 10.0.40219.1
Project("{9A19103F-16F7-4668-BE54-9A1E7A4F7556}") = "T01.AgencyProfit", "T01.AgencyProfit\T01.AgencyProfit.csproj", "{54345434-7A1D-4A9C-B852-9330EEFDD30E}"
EndProject
Project("{9A19103F-16F7-4668-BE54-9A1E7A4F7556}") = "T02.AddBags", "T02.AddBags\T02.AddBags.csproj", "{06BE9D2A-0C69-4954-B28C-8C0C380AC611}"
EndProject
Project("{9A19103F-16F7-4668-BE54-9A1E7A4F7556}") = "T03.AluminumJoinery", "T03.AluminumJoinery\T03.AluminumJoinery.csproj", "{4D509E04-7CF7-41E8-897D-F6029639700C}"
EndProject
Project("{9A19103F-16F7-4668-BE54-9A1E7A4F7556}") = "T04.Balls", "T04.Balls\T04.Balls.csproj", "{B37C18D6-ACC1-436B-8826-EECCC5D0F171}"
EndProject
Project("{9A19103F-16F7-4668-BE54-9A1E7A4F7556}") = "T05.BestPlayer", "T05.BestPlayer\T05.BestPlayer.csproj", "{A2811836-FD85-4469-965C-C3890BD28C63}"
EndProject
Project("{FAE04EC0-301F-11D3-BF4B-00C04F79EFBC}") = "T06.BarcodeGenerator", "T06.BarcodeGenerator\T06.BarcodeGenerator.csproj", "{5A72620E-AC9D-4143-AC69-F5E97D0BD097}"
EndProject
Global
	GlobalSection(SolutionConfigurationPlatforms) = preSolution
		Debug|Any CPU = Debug|Any CPU
		Release|Any CPU = Release|Any CPU
	EndGlobalSection
	GlobalSection(ProjectConfigurationPlatforms) = postSolution
		{54345434-7A1D-4A9C-B852-9330EEFDD30E}.Debug|Any CPU.ActiveCfg = Debug|Any CPU
		{54345434-7A1D-4A9C-B852-9330EEFDD30E}.Debug|Any CPU.Build.0 = Debug|Any CPU
		{54345434-7A1D-4A9C-B852-9330EEFDD30E}.Release|Any CPU.ActiveCfg = Release|Any CPU
		{54345434-7A1D-4A9C-B852-9330EEFDD30E}.Release|Any CPU.Build.0 = Release|Any CPU
		{06BE9D2A-0C69-4954-B28C-8C0C380AC611}.Debug|Any CPU.ActiveCfg = Debug|Any CPU
		{06BE9D2A-0C69-4954-B28C-8C0C380AC611}.Debug|Any CPU.Build.0 = Debug|Any CPU
		{06BE9D2A-0C69-4954-B28C-8C0C380AC611}.Release|Any CPU.ActiveCfg = Release|Any CPU
		{06BE9D2A-0C69-4954-B28C-8C0C380AC611}.Release|Any CPU.Build.0 = Release|Any CPU
		{4D509E04-7CF7-41E8-897D-F6029639700C}.Debug|Any CPU.ActiveCfg = Debug|Any CPU
		{4D509E04-7CF7-41E8-897D-F6029639700C}.Debug|Any CPU.Build.0 = Debug|Any CPU
		{4D509E04-7CF7-41E8-897D-F6029639700C}.Release|Any CPU.ActiveCfg = Release|Any CPU
		{4D509E04-7CF7-41E8-897D-F6029639700C}.Release|Any CPU.Build.0 = Release|Any CPU
		{B37C18D6-ACC1-436B-8826-EECCC5D0F171}.Debug|Any CPU.ActiveCfg = Debug|Any CPU
		{B37C18D6-ACC1-436B-8826-EECCC5D0F171}.Debug|Any CPU.Build.0 = Debug|Any CPU
		{B37C18D6-ACC1-436B-8826-EECCC5D0F171}.Release|Any CPU.ActiveCfg = Release|Any CPU
		{B37C18D6-ACC1-436B-8826-EECCC5D0F171}.Release|Any CPU.Build.0 = Release|Any CPU
		{A2811836-FD85-4469-965C-C3890BD28C63}.Debug|Any CPU.ActiveCfg = Debug|Any CPU
		{A2811836-FD85-4469-965C-C3890BD28C63}.Debug|Any CPU.Build.0 = Debug|Any CPU
		{A2811836-FD85-4469-965C-C3890BD28C63}.Release|Any CPU.ActiveCfg = Release|Any CPU
		{A2811836-FD85-4469-965C-C3890BD28C63}.Release|Any CPU.Build.0 = Release|Any CPU
		{5A72620E-AC9D-4143-AC69-F5E97D0BD097}.Debug|Any CPU.ActiveCfg = Debug|Any CPU
		{5A72620E-AC9D-4143-AC69-F5E97D0BD097}.Debug|Any CPU.Build.0 = Debug|Any CPU
		{5A72620E-AC9D-4143-AC69-F5E97D0BD097}.Release|Any CPU.ActiveCfg = Release|Any CPU
		{5A72620E-AC9D-4143-AC69-F5E97D0BD097}.Release|Any CPU.Build.0 = Release|Any CPU
	EndGlobalSection
	GlobalSection(SolutionProperties) = preSolution
		HideSolutionNode = FALSE
	EndGlobalSection
	GlobalSection(ExtensibilityGlobals) = postSolution
		SolutionGuid = {7B28D868-4E32-4DDE-9C73-1CA185AE7CC8}
	EndGlobalSection
EndGlobal
