
Microsoft Visual Studio Solution File, Format Version 12.00
# Visual Studio Version 17
VisualStudioVersion = 17.2.32630.192
MinimumVisualStudioVersion = 10.0.40219.1
Project("{9A19103F-16F7-4668-BE54-9A1E7A4F7556}") = "T01. Train", "T01. Train\T01. Train.csproj", "{D66FE3B2-A32B-41F6-BF31-B76AE67C9175}"
EndProject
Project("{9A19103F-16F7-4668-BE54-9A1E7A4F7556}") = "T02. Common Elements", "T02. Common Elements\T02. Common Elements.csproj", "{1B3F710B-542A-449D-8AC8-06836F64E9C0}"
EndProject
Project("{9A19103F-16F7-4668-BE54-9A1E7A4F7556}") = "T03. Zig-Zag Arrays", "T03. Zig-Zag Arrays\T03. Zig-Zag Arrays.csproj", "{A3D21CB1-7CBE-41CC-82CE-F821ABB8C93C}"
EndProject
Project("{9A19103F-16F7-4668-BE54-9A1E7A4F7556}") = "T04. Array Rotation", "T04. Array Rotation\T04. Array Rotation.csproj", "{B429B1AD-A467-42DD-91FF-B970B3C892D9}"
EndProject
Project("{9A19103F-16F7-4668-BE54-9A1E7A4F7556}") = "T05. Top Integers", "T05. Top Integers\T05. Top Integers.csproj", "{152CED6F-0C88-416D-AB12-B89CF5D04774}"
EndProject
Project("{9A19103F-16F7-4668-BE54-9A1E7A4F7556}") = "T06. Equal Sums", "T06. Equal Sums\T06. Equal Sums.csproj", "{2EF52FD8-37E0-4BBD-AD86-70E898300E0C}"
EndProject
Project("{9A19103F-16F7-4668-BE54-9A1E7A4F7556}") = "T07. Max Sequence of Equal Elements", "T07. Max Sequence of Equal Elements\T07. Max Sequence of Equal Elements.csproj", "{08A2BF07-F432-4097-95F9-3AEA96832688}"
EndProject
Project("{9A19103F-16F7-4668-BE54-9A1E7A4F7556}") = "T08. Magic Sum", "T08. Magic Sum\T08. Magic Sum.csproj", "{4C2588E4-9EA5-4703-A2FD-09FB7552789B}"
EndProject
Project("{FAE04EC0-301F-11D3-BF4B-00C04F79EFBC}") = "Т10. LadyBugs", "Т10. LadyBugs\Т10. LadyBugs.csproj", "{F27740DC-1C2F-4F23-BC38-787EA8733638}"
EndProject
Project("{FAE04EC0-301F-11D3-BF4B-00C04F79EFBC}") = "T09. Kamino Factory", "T09. Kamino Factory\T09. Kamino Factory.csproj", "{D9EA4EB7-6531-4924-8023-7DE2D31683F2}"
EndProject
Global
	GlobalSection(SolutionConfigurationPlatforms) = preSolution
		Debug|Any CPU = Debug|Any CPU
		Release|Any CPU = Release|Any CPU
	EndGlobalSection
	GlobalSection(ProjectConfigurationPlatforms) = postSolution
		{D66FE3B2-A32B-41F6-BF31-B76AE67C9175}.Debug|Any CPU.ActiveCfg = Debug|Any CPU
		{D66FE3B2-A32B-41F6-BF31-B76AE67C9175}.Debug|Any CPU.Build.0 = Debug|Any CPU
		{D66FE3B2-A32B-41F6-BF31-B76AE67C9175}.Release|Any CPU.ActiveCfg = Release|Any CPU
		{D66FE3B2-A32B-41F6-BF31-B76AE67C9175}.Release|Any CPU.Build.0 = Release|Any CPU
		{1B3F710B-542A-449D-8AC8-06836F64E9C0}.Debug|Any CPU.ActiveCfg = Debug|Any CPU
		{1B3F710B-542A-449D-8AC8-06836F64E9C0}.Debug|Any CPU.Build.0 = Debug|Any CPU
		{1B3F710B-542A-449D-8AC8-06836F64E9C0}.Release|Any CPU.ActiveCfg = Release|Any CPU
		{1B3F710B-542A-449D-8AC8-06836F64E9C0}.Release|Any CPU.Build.0 = Release|Any CPU
		{A3D21CB1-7CBE-41CC-82CE-F821ABB8C93C}.Debug|Any CPU.ActiveCfg = Debug|Any CPU
		{A3D21CB1-7CBE-41CC-82CE-F821ABB8C93C}.Debug|Any CPU.Build.0 = Debug|Any CPU
		{A3D21CB1-7CBE-41CC-82CE-F821ABB8C93C}.Release|Any CPU.ActiveCfg = Release|Any CPU
		{A3D21CB1-7CBE-41CC-82CE-F821ABB8C93C}.Release|Any CPU.Build.0 = Release|Any CPU
		{B429B1AD-A467-42DD-91FF-B970B3C892D9}.Debug|Any CPU.ActiveCfg = Debug|Any CPU
		{B429B1AD-A467-42DD-91FF-B970B3C892D9}.Debug|Any CPU.Build.0 = Debug|Any CPU
		{B429B1AD-A467-42DD-91FF-B970B3C892D9}.Release|Any CPU.ActiveCfg = Release|Any CPU
		{B429B1AD-A467-42DD-91FF-B970B3C892D9}.Release|Any CPU.Build.0 = Release|Any CPU
		{152CED6F-0C88-416D-AB12-B89CF5D04774}.Debug|Any CPU.ActiveCfg = Debug|Any CPU
		{152CED6F-0C88-416D-AB12-B89CF5D04774}.Debug|Any CPU.Build.0 = Debug|Any CPU
		{152CED6F-0C88-416D-AB12-B89CF5D04774}.Release|Any CPU.ActiveCfg = Release|Any CPU
		{152CED6F-0C88-416D-AB12-B89CF5D04774}.Release|Any CPU.Build.0 = Release|Any CPU
		{2EF52FD8-37E0-4BBD-AD86-70E898300E0C}.Debug|Any CPU.ActiveCfg = Debug|Any CPU
		{2EF52FD8-37E0-4BBD-AD86-70E898300E0C}.Debug|Any CPU.Build.0 = Debug|Any CPU
		{2EF52FD8-37E0-4BBD-AD86-70E898300E0C}.Release|Any CPU.ActiveCfg = Release|Any CPU
		{2EF52FD8-37E0-4BBD-AD86-70E898300E0C}.Release|Any CPU.Build.0 = Release|Any CPU
		{08A2BF07-F432-4097-95F9-3AEA96832688}.Debug|Any CPU.ActiveCfg = Debug|Any CPU
		{08A2BF07-F432-4097-95F9-3AEA96832688}.Debug|Any CPU.Build.0 = Debug|Any CPU
		{08A2BF07-F432-4097-95F9-3AEA96832688}.Release|Any CPU.ActiveCfg = Release|Any CPU
		{08A2BF07-F432-4097-95F9-3AEA96832688}.Release|Any CPU.Build.0 = Release|Any CPU
		{4C2588E4-9EA5-4703-A2FD-09FB7552789B}.Debug|Any CPU.ActiveCfg = Debug|Any CPU
		{4C2588E4-9EA5-4703-A2FD-09FB7552789B}.Debug|Any CPU.Build.0 = Debug|Any CPU
		{4C2588E4-9EA5-4703-A2FD-09FB7552789B}.Release|Any CPU.ActiveCfg = Release|Any CPU
		{4C2588E4-9EA5-4703-A2FD-09FB7552789B}.Release|Any CPU.Build.0 = Release|Any CPU
		{F27740DC-1C2F-4F23-BC38-787EA8733638}.Debug|Any CPU.ActiveCfg = Debug|Any CPU
		{F27740DC-1C2F-4F23-BC38-787EA8733638}.Debug|Any CPU.Build.0 = Debug|Any CPU
		{F27740DC-1C2F-4F23-BC38-787EA8733638}.Release|Any CPU.ActiveCfg = Release|Any CPU
		{F27740DC-1C2F-4F23-BC38-787EA8733638}.Release|Any CPU.Build.0 = Release|Any CPU
		{D9EA4EB7-6531-4924-8023-7DE2D31683F2}.Debug|Any CPU.ActiveCfg = Debug|Any CPU
		{D9EA4EB7-6531-4924-8023-7DE2D31683F2}.Debug|Any CPU.Build.0 = Debug|Any CPU
		{D9EA4EB7-6531-4924-8023-7DE2D31683F2}.Release|Any CPU.ActiveCfg = Release|Any CPU
		{D9EA4EB7-6531-4924-8023-7DE2D31683F2}.Release|Any CPU.Build.0 = Release|Any CPU
	EndGlobalSection
	GlobalSection(SolutionProperties) = preSolution
		HideSolutionNode = FALSE
	EndGlobalSection
	GlobalSection(ExtensibilityGlobals) = postSolution
		SolutionGuid = {1BF89B34-62CE-4D9D-A055-EFB5CC65463C}
	EndGlobalSection
EndGlobal
