
Microsoft Visual Studio Solution File, Format Version 12.00
# Visual Studio Version 17
VisualStudioVersion = 17.3.32825.248
MinimumVisualStudioVersion = 10.0.40219.1
Project("{FAE04EC0-301F-11D3-BF4B-00C04F79EFBC}") = "T01. Count Real Numbers", "T01. Count Real Numbers\T01. Count Real Numbers.csproj", "{DE06E7E7-1C50-42B8-8AE2-1AD36CEB7FD6}"
EndProject
Project("{FAE04EC0-301F-11D3-BF4B-00C04F79EFBC}") = "T02. Odd Occurrences", "T02. Odd Occurrences\T02. Odd Occurrences.csproj", "{00E7CE16-5B08-42E4-ABC1-569D4C74E945}"
EndProject
Global
	GlobalSection(SolutionConfigurationPlatforms) = preSolution
		Debug|Any CPU = Debug|Any CPU
		Release|Any CPU = Release|Any CPU
	EndGlobalSection
	GlobalSection(ProjectConfigurationPlatforms) = postSolution
		{DE06E7E7-1C50-42B8-8AE2-1AD36CEB7FD6}.Debug|Any CPU.ActiveCfg = Debug|Any CPU
		{DE06E7E7-1C50-42B8-8AE2-1AD36CEB7FD6}.Debug|Any CPU.Build.0 = Debug|Any CPU
		{DE06E7E7-1C50-42B8-8AE2-1AD36CEB7FD6}.Release|Any CPU.ActiveCfg = Release|Any CPU
		{DE06E7E7-1C50-42B8-8AE2-1AD36CEB7FD6}.Release|Any CPU.Build.0 = Release|Any CPU
		{00E7CE16-5B08-42E4-ABC1-569D4C74E945}.Debug|Any CPU.ActiveCfg = Debug|Any CPU
		{00E7CE16-5B08-42E4-ABC1-569D4C74E945}.Debug|Any CPU.Build.0 = Debug|Any CPU
		{00E7CE16-5B08-42E4-ABC1-569D4C74E945}.Release|Any CPU.ActiveCfg = Release|Any CPU
		{00E7CE16-5B08-42E4-ABC1-569D4C74E945}.Release|Any CPU.Build.0 = Release|Any CPU
	EndGlobalSection
	GlobalSection(SolutionProperties) = preSolution
		HideSolutionNode = FALSE
	EndGlobalSection
	GlobalSection(ExtensibilityGlobals) = postSolution
		SolutionGuid = {0186E8EE-8ECF-4816-BEE9-0E9E8EAAEF63}
	EndGlobalSection
EndGlobal
