
Microsoft Visual Studio Solution File, Format Version 12.00
# Visual Studio Version 17
VisualStudioVersion = 17.3.32825.248
MinimumVisualStudioVersion = 10.0.40219.1
Project("{FAE04EC0-301F-11D3-BF4B-00C04F79EFBC}") = "T01. Valid Usernames", "T01. Valid Usernames\T01. Valid Usernames.csproj", "{397D5C11-31B5-444F-B564-188442AB3CDF}"
EndProject
Project("{FAE04EC0-301F-11D3-BF4B-00C04F79EFBC}") = "T02. Character Multiplier", "T02. Character Multiplier\T02. Character Multiplier.csproj", "{F2E5737E-EAC7-4CC5-98B7-74670AEC247E}"
EndProject
Global
	GlobalSection(SolutionConfigurationPlatforms) = preSolution
		Debug|Any CPU = Debug|Any CPU
		Release|Any CPU = Release|Any CPU
	EndGlobalSection
	GlobalSection(ProjectConfigurationPlatforms) = postSolution
		{397D5C11-31B5-444F-B564-188442AB3CDF}.Debug|Any CPU.ActiveCfg = Debug|Any CPU
		{397D5C11-31B5-444F-B564-188442AB3CDF}.Debug|Any CPU.Build.0 = Debug|Any CPU
		{397D5C11-31B5-444F-B564-188442AB3CDF}.Release|Any CPU.ActiveCfg = Release|Any CPU
		{397D5C11-31B5-444F-B564-188442AB3CDF}.Release|Any CPU.Build.0 = Release|Any CPU
		{F2E5737E-EAC7-4CC5-98B7-74670AEC247E}.Debug|Any CPU.ActiveCfg = Debug|Any CPU
		{F2E5737E-EAC7-4CC5-98B7-74670AEC247E}.Debug|Any CPU.Build.0 = Debug|Any CPU
		{F2E5737E-EAC7-4CC5-98B7-74670AEC247E}.Release|Any CPU.ActiveCfg = Release|Any CPU
		{F2E5737E-EAC7-4CC5-98B7-74670AEC247E}.Release|Any CPU.Build.0 = Release|Any CPU
	EndGlobalSection
	GlobalSection(SolutionProperties) = preSolution
		HideSolutionNode = FALSE
	EndGlobalSection
	GlobalSection(ExtensibilityGlobals) = postSolution
		SolutionGuid = {F0597CE4-7E25-42E7-8777-EC172333EF34}
	EndGlobalSection
EndGlobal
