
Microsoft Visual Studio Solution File, Format Version 12.00
# Visual Studio Version 17
VisualStudioVersion = 17.1.32328.378
MinimumVisualStudioVersion = 10.0.40219.1
Project("{FAE04EC0-301F-11D3-BF4B-00C04F79EFBC}") = "T08.PetShop - FirstSteps", "T08.PetShop - FirstSteps.csproj", "{44A49979-634D-4E01-AC44-307F4284CA7D}"
EndProject
Global
	GlobalSection(SolutionConfigurationPlatforms) = preSolution
		Debug|Any CPU = Debug|Any CPU
		Release|Any CPU = Release|Any CPU
	EndGlobalSection
	GlobalSection(ProjectConfigurationPlatforms) = postSolution
		{44A49979-634D-4E01-AC44-307F4284CA7D}.Debug|Any CPU.ActiveCfg = Debug|Any CPU
		{44A49979-634D-4E01-AC44-307F4284CA7D}.Debug|Any CPU.Build.0 = Debug|Any CPU
		{44A49979-634D-4E01-AC44-307F4284CA7D}.Release|Any CPU.ActiveCfg = Release|Any CPU
		{44A49979-634D-4E01-AC44-307F4284CA7D}.Release|Any CPU.Build.0 = Release|Any CPU
	EndGlobalSection
	GlobalSection(SolutionProperties) = preSolution
		HideSolutionNode = FALSE
	EndGlobalSection
	GlobalSection(ExtensibilityGlobals) = postSolution
		SolutionGuid = {0DD371D8-4080-44F5-802B-5BD11452E3ED}
	EndGlobalSection
EndGlobal
