
Microsoft Visual Studio Solution File, Format Version 12.00
# Visual Studio Version 17
VisualStudioVersion = 17.4.33213.308
MinimumVisualStudioVersion = 10.0.40219.1
Project("{9A19103F-16F7-4668-BE54-9A1E7A4F7556}") = "01.Persons", "01.Persons\01.Persons.csproj", "{32EB0811-FDA5-4F6B-892C-CC301421B694}"
EndProject
Project("{FAE04EC0-301F-11D3-BF4B-00C04F79EFBC}") = "02.Salary", "02.Salary\02.Salary.csproj", "{B6416EF5-1099-4F4C-86FC-78F5D01D496C}"
EndProject
Project("{FAE04EC0-301F-11D3-BF4B-00C04F79EFBC}") = "03.Validation", "03.Validation\03.Validation.csproj", "{1AEAE415-39F1-4751-BA22-4F07C277E98A}"
EndProject
Global
	GlobalSection(SolutionConfigurationPlatforms) = preSolution
		Debug|Any CPU = Debug|Any CPU
		Release|Any CPU = Release|Any CPU
	EndGlobalSection
	GlobalSection(ProjectConfigurationPlatforms) = postSolution
		{32EB0811-FDA5-4F6B-892C-CC301421B694}.Debug|Any CPU.ActiveCfg = Debug|Any CPU
		{32EB0811-FDA5-4F6B-892C-CC301421B694}.Debug|Any CPU.Build.0 = Debug|Any CPU
		{32EB0811-FDA5-4F6B-892C-CC301421B694}.Release|Any CPU.ActiveCfg = Release|Any CPU
		{32EB0811-FDA5-4F6B-892C-CC301421B694}.Release|Any CPU.Build.0 = Release|Any CPU
		{B6416EF5-1099-4F4C-86FC-78F5D01D496C}.Debug|Any CPU.ActiveCfg = Debug|Any CPU
		{B6416EF5-1099-4F4C-86FC-78F5D01D496C}.Debug|Any CPU.Build.0 = Debug|Any CPU
		{B6416EF5-1099-4F4C-86FC-78F5D01D496C}.Release|Any CPU.ActiveCfg = Release|Any CPU
		{B6416EF5-1099-4F4C-86FC-78F5D01D496C}.Release|Any CPU.Build.0 = Release|Any CPU
		{1AEAE415-39F1-4751-BA22-4F07C277E98A}.Debug|Any CPU.ActiveCfg = Debug|Any CPU
		{1AEAE415-39F1-4751-BA22-4F07C277E98A}.Debug|Any CPU.Build.0 = Debug|Any CPU
		{1AEAE415-39F1-4751-BA22-4F07C277E98A}.Release|Any CPU.ActiveCfg = Release|Any CPU
		{1AEAE415-39F1-4751-BA22-4F07C277E98A}.Release|Any CPU.Build.0 = Release|Any CPU
	EndGlobalSection
	GlobalSection(SolutionProperties) = preSolution
		HideSolutionNode = FALSE
	EndGlobalSection
	GlobalSection(ExtensibilityGlobals) = postSolution
		SolutionGuid = {EB7AD478-D682-4FB3-81F6-0D0343B6E5F4}
	EndGlobalSection
EndGlobal
