
Microsoft Visual Studio Solution File, Format Version 12.00
# Visual Studio Version 17
VisualStudioVersion = 17.2.32630.192
MinimumVisualStudioVersion = 10.0.40219.1
Project("{9A19103F-16F7-4668-BE54-9A1E7A4F7556}") = "T01. Sum Adjacent Equal Numbers", "T01. Sum Adjacent Equal Numbers\T01. Sum Adjacent Equal Numbers.csproj", "{1AD331B5-2EA0-4086-972A-1A731A536675}"
EndProject
Project("{FAE04EC0-301F-11D3-BF4B-00C04F79EFBC}") = "T02. Gauss' Trick", "T02. Gauss' Trick\T02. Gauss' Trick.csproj", "{F79EEF37-05B9-4EC8-B3A2-86F693C3EAD1}"
EndProject
Project("{FAE04EC0-301F-11D3-BF4B-00C04F79EFBC}") = "T03. Merging Lists", "T03. Merging Lists\T03. Merging Lists.csproj", "{D52B2BA4-29F9-4A38-8020-58A52F5B600A}"
EndProject
Global
	GlobalSection(SolutionConfigurationPlatforms) = preSolution
		Debug|Any CPU = Debug|Any CPU
		Release|Any CPU = Release|Any CPU
	EndGlobalSection
	GlobalSection(ProjectConfigurationPlatforms) = postSolution
		{1AD331B5-2EA0-4086-972A-1A731A536675}.Debug|Any CPU.ActiveCfg = Debug|Any CPU
		{1AD331B5-2EA0-4086-972A-1A731A536675}.Debug|Any CPU.Build.0 = Debug|Any CPU
		{1AD331B5-2EA0-4086-972A-1A731A536675}.Release|Any CPU.ActiveCfg = Release|Any CPU
		{1AD331B5-2EA0-4086-972A-1A731A536675}.Release|Any CPU.Build.0 = Release|Any CPU
		{F79EEF37-05B9-4EC8-B3A2-86F693C3EAD1}.Debug|Any CPU.ActiveCfg = Debug|Any CPU
		{F79EEF37-05B9-4EC8-B3A2-86F693C3EAD1}.Debug|Any CPU.Build.0 = Debug|Any CPU
		{F79EEF37-05B9-4EC8-B3A2-86F693C3EAD1}.Release|Any CPU.ActiveCfg = Release|Any CPU
		{F79EEF37-05B9-4EC8-B3A2-86F693C3EAD1}.Release|Any CPU.Build.0 = Release|Any CPU
		{D52B2BA4-29F9-4A38-8020-58A52F5B600A}.Debug|Any CPU.ActiveCfg = Debug|Any CPU
		{D52B2BA4-29F9-4A38-8020-58A52F5B600A}.Debug|Any CPU.Build.0 = Debug|Any CPU
		{D52B2BA4-29F9-4A38-8020-58A52F5B600A}.Release|Any CPU.ActiveCfg = Release|Any CPU
		{D52B2BA4-29F9-4A38-8020-58A52F5B600A}.Release|Any CPU.Build.0 = Release|Any CPU
	EndGlobalSection
	GlobalSection(SolutionProperties) = preSolution
		HideSolutionNode = FALSE
	EndGlobalSection
	GlobalSection(ExtensibilityGlobals) = postSolution
		SolutionGuid = {0096FDED-261A-432B-AB07-7F661A8635B5}
	EndGlobalSection
EndGlobal
