
Microsoft Visual Studio Solution File, Format Version 12.00
# Visual Studio Version 17
VisualStudioVersion = 17.2.32630.192
MinimumVisualStudioVersion = 10.0.40219.1
Project("{FAE04EC0-301F-11D3-BF4B-00C04F79EFBC}") = "T01. Sum Adjacent Equal Numbers", "T01. Sum Adjacent Equal Numbers\T01. Sum Adjacent Equal Numbers.csproj", "{1AD331B5-2EA0-4086-972A-1A731A536675}"
EndProject
Global
	GlobalSection(SolutionConfigurationPlatforms) = preSolution
		Debug|Any CPU = Debug|Any CPU
		Release|Any CPU = Release|Any CPU
	EndGlobalSection
	GlobalSection(ProjectConfigurationPlatforms) = postSolution
		{1AD331B5-2EA0-4086-972A-1A731A536675}.Debug|Any CPU.ActiveCfg = Debug|Any CPU
		{1AD331B5-2EA0-4086-972A-1A731A536675}.Debug|Any CPU.Build.0 = Debug|Any CPU
		{1AD331B5-2EA0-4086-972A-1A731A536675}.Release|Any CPU.ActiveCfg = Release|Any CPU
		{1AD331B5-2EA0-4086-972A-1A731A536675}.Release|Any CPU.Build.0 = Release|Any CPU
	EndGlobalSection
	GlobalSection(SolutionProperties) = preSolution
		HideSolutionNode = FALSE
	EndGlobalSection
	GlobalSection(ExtensibilityGlobals) = postSolution
		SolutionGuid = {0096FDED-261A-432B-AB07-7F661A8635B5}
	EndGlobalSection
EndGlobal
