
Microsoft Visual Studio Solution File, Format Version 12.00
# Visual Studio Version 17
VisualStudioVersion = 17.4.33213.308
MinimumVisualStudioVersion = 10.0.40219.1
Project("{FAE04EC0-301F-11D3-BF4B-00C04F79EFBC}") = "T01.MealPlan", "T01.MealPlan\T01.MealPlan.csproj", "{71F999BB-B420-4AF2-9A04-B5D2535FADC3}"
EndProject
Project("{FAE04EC0-301F-11D3-BF4B-00C04F79EFBC}") = "T02.TruffleHunter", "T02.TruffleHunter\T02.TruffleHunter.csproj", "{76670C50-E73A-4EE8-838B-18F074A363B1}"
EndProject
Project("{FAE04EC0-301F-11D3-BF4B-00C04F79EFBC}") = "T03.Zoo", "T03.Zoo\T03.Zoo.csproj", "{D4FBB3F4-3B0E-4F76-A901-6900115CF57C}"
EndProject
Global
	GlobalSection(SolutionConfigurationPlatforms) = preSolution
		Debug|Any CPU = Debug|Any CPU
		Release|Any CPU = Release|Any CPU
	EndGlobalSection
	GlobalSection(ProjectConfigurationPlatforms) = postSolution
		{71F999BB-B420-4AF2-9A04-B5D2535FADC3}.Debug|Any CPU.ActiveCfg = Debug|Any CPU
		{71F999BB-B420-4AF2-9A04-B5D2535FADC3}.Debug|Any CPU.Build.0 = Debug|Any CPU
		{71F999BB-B420-4AF2-9A04-B5D2535FADC3}.Release|Any CPU.ActiveCfg = Release|Any CPU
		{71F999BB-B420-4AF2-9A04-B5D2535FADC3}.Release|Any CPU.Build.0 = Release|Any CPU
		{76670C50-E73A-4EE8-838B-18F074A363B1}.Debug|Any CPU.ActiveCfg = Debug|Any CPU
		{76670C50-E73A-4EE8-838B-18F074A363B1}.Debug|Any CPU.Build.0 = Debug|Any CPU
		{76670C50-E73A-4EE8-838B-18F074A363B1}.Release|Any CPU.ActiveCfg = Release|Any CPU
		{76670C50-E73A-4EE8-838B-18F074A363B1}.Release|Any CPU.Build.0 = Release|Any CPU
		{D4FBB3F4-3B0E-4F76-A901-6900115CF57C}.Debug|Any CPU.ActiveCfg = Debug|Any CPU
		{D4FBB3F4-3B0E-4F76-A901-6900115CF57C}.Debug|Any CPU.Build.0 = Debug|Any CPU
		{D4FBB3F4-3B0E-4F76-A901-6900115CF57C}.Release|Any CPU.ActiveCfg = Release|Any CPU
		{D4FBB3F4-3B0E-4F76-A901-6900115CF57C}.Release|Any CPU.Build.0 = Release|Any CPU
	EndGlobalSection
	GlobalSection(SolutionProperties) = preSolution
		HideSolutionNode = FALSE
	EndGlobalSection
	GlobalSection(ExtensibilityGlobals) = postSolution
		SolutionGuid = {3C507293-6081-4740-A7DD-45772FBDBAE7}
	EndGlobalSection
EndGlobal
