
Microsoft Visual Studio Solution File, Format Version 12.00
# Visual Studio Version 17
VisualStudioVersion = 17.4.33103.184
MinimumVisualStudioVersion = 10.0.40219.1
Project("{FAE04EC0-301F-11D3-BF4B-00C04F79EFBC}") = "T01. String Manipulator", "T01. String Manipulator\T01. String Manipulator.csproj", "{2FBB884A-323B-4DD4-833A-CB0CC1D0861B}"
EndProject
Project("{FAE04EC0-301F-11D3-BF4B-00C04F79EFBC}") = "T02. Easter Eggs", "T02. Easter Eggs\T02. Easter Eggs.csproj", "{5F84207F-D945-4794-893C-B7B8027C1006}"
EndProject
Project("{FAE04EC0-301F-11D3-BF4B-00C04F79EFBC}") = "T03. Wild Zoo", "T03. Wild Zoo\T03. Wild Zoo.csproj", "{756026B8-E5CA-455A-BC30-7050A7E30EBB}"
EndProject
Global
	GlobalSection(SolutionConfigurationPlatforms) = preSolution
		Debug|Any CPU = Debug|Any CPU
		Release|Any CPU = Release|Any CPU
	EndGlobalSection
	GlobalSection(ProjectConfigurationPlatforms) = postSolution
		{2FBB884A-323B-4DD4-833A-CB0CC1D0861B}.Debug|Any CPU.ActiveCfg = Debug|Any CPU
		{2FBB884A-323B-4DD4-833A-CB0CC1D0861B}.Debug|Any CPU.Build.0 = Debug|Any CPU
		{2FBB884A-323B-4DD4-833A-CB0CC1D0861B}.Release|Any CPU.ActiveCfg = Release|Any CPU
		{2FBB884A-323B-4DD4-833A-CB0CC1D0861B}.Release|Any CPU.Build.0 = Release|Any CPU
		{5F84207F-D945-4794-893C-B7B8027C1006}.Debug|Any CPU.ActiveCfg = Debug|Any CPU
		{5F84207F-D945-4794-893C-B7B8027C1006}.Debug|Any CPU.Build.0 = Debug|Any CPU
		{5F84207F-D945-4794-893C-B7B8027C1006}.Release|Any CPU.ActiveCfg = Release|Any CPU
		{5F84207F-D945-4794-893C-B7B8027C1006}.Release|Any CPU.Build.0 = Release|Any CPU
		{756026B8-E5CA-455A-BC30-7050A7E30EBB}.Debug|Any CPU.ActiveCfg = Debug|Any CPU
		{756026B8-E5CA-455A-BC30-7050A7E30EBB}.Debug|Any CPU.Build.0 = Debug|Any CPU
		{756026B8-E5CA-455A-BC30-7050A7E30EBB}.Release|Any CPU.ActiveCfg = Release|Any CPU
		{756026B8-E5CA-455A-BC30-7050A7E30EBB}.Release|Any CPU.Build.0 = Release|Any CPU
	EndGlobalSection
	GlobalSection(SolutionProperties) = preSolution
		HideSolutionNode = FALSE
	EndGlobalSection
	GlobalSection(ExtensibilityGlobals) = postSolution
		SolutionGuid = {AA06AE12-7E74-472E-9944-08184BC580A9}
	EndGlobalSection
EndGlobal
