
Microsoft Visual Studio Solution File, Format Version 12.00
# Visual Studio Version 17
VisualStudioVersion = 17.2.32630.192
MinimumVisualStudioVersion = 10.0.40219.1
Project("{FAE04EC0-301F-11D3-BF4B-00C04F79EFBC}") = "T01. Black Flag", "T01. Black Flag\T01. Black Flag.csproj", "{E3B0F3C9-F77E-4BC2-A4A7-4E4E2EE39736}"
EndProject
Project("{FAE04EC0-301F-11D3-BF4B-00C04F79EFBC}") = "T02. Treasure Hunt", "T02. Treasure Hunt\T02. Treasure Hunt.csproj", "{1AE7B6EC-A47F-41AC-B513-C3AD318EEB0E}"
EndProject
Project("{FAE04EC0-301F-11D3-BF4B-00C04F79EFBC}") = "T03. Man O War", "T03. Man O War\T03. Man O War.csproj", "{89167DE3-C155-4606-B997-9AB4121E5467}"
EndProject
Global
	GlobalSection(SolutionConfigurationPlatforms) = preSolution
		Debug|Any CPU = Debug|Any CPU
		Release|Any CPU = Release|Any CPU
	EndGlobalSection
	GlobalSection(ProjectConfigurationPlatforms) = postSolution
		{E3B0F3C9-F77E-4BC2-A4A7-4E4E2EE39736}.Debug|Any CPU.ActiveCfg = Debug|Any CPU
		{E3B0F3C9-F77E-4BC2-A4A7-4E4E2EE39736}.Debug|Any CPU.Build.0 = Debug|Any CPU
		{E3B0F3C9-F77E-4BC2-A4A7-4E4E2EE39736}.Release|Any CPU.ActiveCfg = Release|Any CPU
		{E3B0F3C9-F77E-4BC2-A4A7-4E4E2EE39736}.Release|Any CPU.Build.0 = Release|Any CPU
		{1AE7B6EC-A47F-41AC-B513-C3AD318EEB0E}.Debug|Any CPU.ActiveCfg = Debug|Any CPU
		{1AE7B6EC-A47F-41AC-B513-C3AD318EEB0E}.Debug|Any CPU.Build.0 = Debug|Any CPU
		{1AE7B6EC-A47F-41AC-B513-C3AD318EEB0E}.Release|Any CPU.ActiveCfg = Release|Any CPU
		{1AE7B6EC-A47F-41AC-B513-C3AD318EEB0E}.Release|Any CPU.Build.0 = Release|Any CPU
		{89167DE3-C155-4606-B997-9AB4121E5467}.Debug|Any CPU.ActiveCfg = Debug|Any CPU
		{89167DE3-C155-4606-B997-9AB4121E5467}.Debug|Any CPU.Build.0 = Debug|Any CPU
		{89167DE3-C155-4606-B997-9AB4121E5467}.Release|Any CPU.ActiveCfg = Release|Any CPU
		{89167DE3-C155-4606-B997-9AB4121E5467}.Release|Any CPU.Build.0 = Release|Any CPU
	EndGlobalSection
	GlobalSection(SolutionProperties) = preSolution
		HideSolutionNode = FALSE
	EndGlobalSection
	GlobalSection(ExtensibilityGlobals) = postSolution
		SolutionGuid = {68BC6D07-863D-43A2-8371-5F96C9F187BF}
	EndGlobalSection
EndGlobal
