
Microsoft Visual Studio Solution File, Format Version 12.00
# Visual Studio Version 17
VisualStudioVersion = 17.1.32328.378
MinimumVisualStudioVersion = 10.0.40219.1
Project("{FAE04EC0-301F-11D3-BF4B-00C04F79EFBC}") = "T06.Repainting - FirstStepsEx", "T06.Repainting - FirstStepsEx.csproj", "{AF872E1C-BCCB-4276-9471-32494D724559}"
EndProject
Global
	GlobalSection(SolutionConfigurationPlatforms) = preSolution
		Debug|Any CPU = Debug|Any CPU
		Release|Any CPU = Release|Any CPU
	EndGlobalSection
	GlobalSection(ProjectConfigurationPlatforms) = postSolution
		{AF872E1C-BCCB-4276-9471-32494D724559}.Debug|Any CPU.ActiveCfg = Debug|Any CPU
		{AF872E1C-BCCB-4276-9471-32494D724559}.Debug|Any CPU.Build.0 = Debug|Any CPU
		{AF872E1C-BCCB-4276-9471-32494D724559}.Release|Any CPU.ActiveCfg = Release|Any CPU
		{AF872E1C-BCCB-4276-9471-32494D724559}.Release|Any CPU.Build.0 = Release|Any CPU
	EndGlobalSection
	GlobalSection(SolutionProperties) = preSolution
		HideSolutionNode = FALSE
	EndGlobalSection
	GlobalSection(ExtensibilityGlobals) = postSolution
		SolutionGuid = {B15A8C12-AFC3-45A9-8655-9B027191C8D1}
	EndGlobalSection
EndGlobal
