
Microsoft Visual Studio Solution File, Format Version 12.00
# Visual Studio Version 17
VisualStudioVersion = 17.4.33213.308
MinimumVisualStudioVersion = 10.0.40219.1
Project("{FAE04EC0-301F-11D3-BF4B-00C04F79EFBC}") = "T01.EnergyDrinks", "T01.EnergyDrinks\T01.EnergyDrinks.csproj", "{21A98250-563D-467A-B79C-D1FFCCAD173A}"
EndProject
Global
	GlobalSection(SolutionConfigurationPlatforms) = preSolution
		Debug|Any CPU = Debug|Any CPU
		Release|Any CPU = Release|Any CPU
	EndGlobalSection
	GlobalSection(ProjectConfigurationPlatforms) = postSolution
		{21A98250-563D-467A-B79C-D1FFCCAD173A}.Debug|Any CPU.ActiveCfg = Debug|Any CPU
		{21A98250-563D-467A-B79C-D1FFCCAD173A}.Debug|Any CPU.Build.0 = Debug|Any CPU
		{21A98250-563D-467A-B79C-D1FFCCAD173A}.Release|Any CPU.ActiveCfg = Release|Any CPU
		{21A98250-563D-467A-B79C-D1FFCCAD173A}.Release|Any CPU.Build.0 = Release|Any CPU
	EndGlobalSection
	GlobalSection(SolutionProperties) = preSolution
		HideSolutionNode = FALSE
	EndGlobalSection
	GlobalSection(ExtensibilityGlobals) = postSolution
		SolutionGuid = {26B546A7-E0DF-46F5-B235-1766AB8CD8A2}
	EndGlobalSection
EndGlobal
