
Microsoft Visual Studio Solution File, Format Version 12.00
# Visual Studio Version 17
VisualStudioVersion = 17.3.32825.248
MinimumVisualStudioVersion = 10.0.40219.1
Project("{FAE04EC0-301F-11D3-BF4B-00C04F79EFBC}") = "T01. Company Roster", "T01. Company Roster\T01. Company Roster.csproj", "{5A26A5F3-CF2C-4B04-9113-E560EFB565C9}"
EndProject
Project("{FAE04EC0-301F-11D3-BF4B-00C04F79EFBC}") = "T02. OldestFamMember", "T02. OldestFamMember\T02. OldestFamMember.csproj", "{6A34A385-5B5A-4659-9761-C241C295F371}"
EndProject
Global
	GlobalSection(SolutionConfigurationPlatforms) = preSolution
		Debug|Any CPU = Debug|Any CPU
		Release|Any CPU = Release|Any CPU
	EndGlobalSection
	GlobalSection(ProjectConfigurationPlatforms) = postSolution
		{5A26A5F3-CF2C-4B04-9113-E560EFB565C9}.Debug|Any CPU.ActiveCfg = Debug|Any CPU
		{5A26A5F3-CF2C-4B04-9113-E560EFB565C9}.Debug|Any CPU.Build.0 = Debug|Any CPU
		{5A26A5F3-CF2C-4B04-9113-E560EFB565C9}.Release|Any CPU.ActiveCfg = Release|Any CPU
		{5A26A5F3-CF2C-4B04-9113-E560EFB565C9}.Release|Any CPU.Build.0 = Release|Any CPU
		{6A34A385-5B5A-4659-9761-C241C295F371}.Debug|Any CPU.ActiveCfg = Debug|Any CPU
		{6A34A385-5B5A-4659-9761-C241C295F371}.Debug|Any CPU.Build.0 = Debug|Any CPU
		{6A34A385-5B5A-4659-9761-C241C295F371}.Release|Any CPU.ActiveCfg = Release|Any CPU
		{6A34A385-5B5A-4659-9761-C241C295F371}.Release|Any CPU.Build.0 = Release|Any CPU
	EndGlobalSection
	GlobalSection(SolutionProperties) = preSolution
		HideSolutionNode = FALSE
	EndGlobalSection
	GlobalSection(ExtensibilityGlobals) = postSolution
		SolutionGuid = {7D07EB5E-34F3-4E08-821B-228F6B9FDDDE}
	EndGlobalSection
EndGlobal
