
Microsoft Visual Studio Solution File, Format Version 12.00
# Visual Studio Version 17
VisualStudioVersion = 17.5.33414.496
MinimumVisualStudioVersion = 10.0.40219.1
Project("{FAE04EC0-301F-11D3-BF4B-00C04F79EFBC}") = "01.DefineAnInterfaceIPerson", "01.DefineAnInterfaceIPerson\01.DefineAnInterfaceIPerson.csproj", "{1669FD55-8824-4FFC-BABA-2B299F3E6DCD}"
EndProject
Project("{FAE04EC0-301F-11D3-BF4B-00C04F79EFBC}") = "02.MultipleImplementation", "02Implement\02.MultipleImplementation.csproj", "{FED43D84-8688-4C1C-B08A-46EC390C3156}"
EndProject
Global
	GlobalSection(SolutionConfigurationPlatforms) = preSolution
		Debug|Any CPU = Debug|Any CPU
		Release|Any CPU = Release|Any CPU
	EndGlobalSection
	GlobalSection(ProjectConfigurationPlatforms) = postSolution
		{1669FD55-8824-4FFC-BABA-2B299F3E6DCD}.Debug|Any CPU.ActiveCfg = Debug|Any CPU
		{1669FD55-8824-4FFC-BABA-2B299F3E6DCD}.Debug|Any CPU.Build.0 = Debug|Any CPU
		{1669FD55-8824-4FFC-BABA-2B299F3E6DCD}.Release|Any CPU.ActiveCfg = Release|Any CPU
		{1669FD55-8824-4FFC-BABA-2B299F3E6DCD}.Release|Any CPU.Build.0 = Release|Any CPU
		{FED43D84-8688-4C1C-B08A-46EC390C3156}.Debug|Any CPU.ActiveCfg = Debug|Any CPU
		{FED43D84-8688-4C1C-B08A-46EC390C3156}.Debug|Any CPU.Build.0 = Debug|Any CPU
		{FED43D84-8688-4C1C-B08A-46EC390C3156}.Release|Any CPU.ActiveCfg = Release|Any CPU
		{FED43D84-8688-4C1C-B08A-46EC390C3156}.Release|Any CPU.Build.0 = Release|Any CPU
	EndGlobalSection
	GlobalSection(SolutionProperties) = preSolution
		HideSolutionNode = FALSE
	EndGlobalSection
	GlobalSection(ExtensibilityGlobals) = postSolution
		SolutionGuid = {16EE2FEF-AD3B-440B-8658-32A8BD8BDA23}
	EndGlobalSection
EndGlobal
