
Microsoft Visual Studio Solution File, Format Version 12.00
# Visual Studio Version 17
VisualStudioVersion = 17.4.33213.308
MinimumVisualStudioVersion = 10.0.40219.1
Project("{9A19103F-16F7-4668-BE54-9A1E7A4F7556}") = "GenericBoxofString", "GenericBoxofString\GenericBoxofString.csproj", "{DB1E5275-B0F9-4D07-95BE-55112FC12D8C}"
EndProject
Project("{FAE04EC0-301F-11D3-BF4B-00C04F79EFBC}") = "GenericBoxofInteger", "GenericBoxofInteger\GenericBoxofInteger.csproj", "{9AC98294-A018-41A8-B23F-1B1D34730479}"
EndProject
Project("{FAE04EC0-301F-11D3-BF4B-00C04F79EFBC}") = "GenericSwapMethodString", "GenericSwapMethodString\GenericSwapMethodString.csproj", "{78F87B18-CC9A-4A67-B468-874D82373297}"
EndProject
Project("{FAE04EC0-301F-11D3-BF4B-00C04F79EFBC}") = "T04. Generic Swap Method Integer", "T04. Generic Swap Method Integer\T04. Generic Swap Method Integer.csproj", "{8A04471C-A66F-452F-8927-A0795CA67A88}"
EndProject
Global
	GlobalSection(SolutionConfigurationPlatforms) = preSolution
		Debug|Any CPU = Debug|Any CPU
		Release|Any CPU = Release|Any CPU
	EndGlobalSection
	GlobalSection(ProjectConfigurationPlatforms) = postSolution
		{DB1E5275-B0F9-4D07-95BE-55112FC12D8C}.Debug|Any CPU.ActiveCfg = Debug|Any CPU
		{DB1E5275-B0F9-4D07-95BE-55112FC12D8C}.Debug|Any CPU.Build.0 = Debug|Any CPU
		{DB1E5275-B0F9-4D07-95BE-55112FC12D8C}.Release|Any CPU.ActiveCfg = Release|Any CPU
		{DB1E5275-B0F9-4D07-95BE-55112FC12D8C}.Release|Any CPU.Build.0 = Release|Any CPU
		{9AC98294-A018-41A8-B23F-1B1D34730479}.Debug|Any CPU.ActiveCfg = Debug|Any CPU
		{9AC98294-A018-41A8-B23F-1B1D34730479}.Debug|Any CPU.Build.0 = Debug|Any CPU
		{9AC98294-A018-41A8-B23F-1B1D34730479}.Release|Any CPU.ActiveCfg = Release|Any CPU
		{9AC98294-A018-41A8-B23F-1B1D34730479}.Release|Any CPU.Build.0 = Release|Any CPU
		{78F87B18-CC9A-4A67-B468-874D82373297}.Debug|Any CPU.ActiveCfg = Debug|Any CPU
		{78F87B18-CC9A-4A67-B468-874D82373297}.Debug|Any CPU.Build.0 = Debug|Any CPU
		{78F87B18-CC9A-4A67-B468-874D82373297}.Release|Any CPU.ActiveCfg = Release|Any CPU
		{78F87B18-CC9A-4A67-B468-874D82373297}.Release|Any CPU.Build.0 = Release|Any CPU
		{8A04471C-A66F-452F-8927-A0795CA67A88}.Debug|Any CPU.ActiveCfg = Debug|Any CPU
		{8A04471C-A66F-452F-8927-A0795CA67A88}.Debug|Any CPU.Build.0 = Debug|Any CPU
		{8A04471C-A66F-452F-8927-A0795CA67A88}.Release|Any CPU.ActiveCfg = Release|Any CPU
		{8A04471C-A66F-452F-8927-A0795CA67A88}.Release|Any CPU.Build.0 = Release|Any CPU
	EndGlobalSection
	GlobalSection(SolutionProperties) = preSolution
		HideSolutionNode = FALSE
	EndGlobalSection
	GlobalSection(ExtensibilityGlobals) = postSolution
		SolutionGuid = {046D8990-83E3-459B-9858-9A1E6AA4DE3A}
	EndGlobalSection
EndGlobal
