
Microsoft Visual Studio Solution File, Format Version 12.00
# Visual Studio Version 17
VisualStudioVersion = 17.2.32630.192
MinimumVisualStudioVersion = 10.0.40219.1
Project("{FAE04EC0-301F-11D3-BF4B-00C04F79EFBC}") = "T01. Convert Meters To Kilometers", "T01. Convert Meters To Kilometers\T01. Convert Meters To Kilometers.csproj", "{FCD15689-FD54-41AD-955D-DD2B9167CA0D}"
EndProject
Project("{FAE04EC0-301F-11D3-BF4B-00C04F79EFBC}") = "T02. Pounds to Dollars", "T02. Pounds to Dollars\T02. Pounds to Dollars.csproj", "{4A5AF5CA-FB54-4BFE-9EDC-1DA9089F9910}"
EndProject
Project("{FAE04EC0-301F-11D3-BF4B-00C04F79EFBC}") = "T03. Exact Sum of Real Numbers", "T03. Exact Sum of Real Numbers\T03. Exact Sum of Real Numbers.csproj", "{0BB528D0-AC12-4372-9A2E-62B889F1DA61}"
EndProject
Project("{FAE04EC0-301F-11D3-BF4B-00C04F79EFBC}") = "T04. Centuries to Minutes", "T04. Centuries to Minutes\T04. Centuries to Minutes.csproj", "{4B0FFE58-8782-40EF-8A84-E378D0F58EC0}"
EndProject
Project("{FAE04EC0-301F-11D3-BF4B-00C04F79EFBC}") = "T05. Special Numbers", "T05. Special Numbers\T05. Special Numbers.csproj", "{57AF0D6A-C5C3-4555-BC3E-4603054CEE41}"
EndProject
Project("{FAE04EC0-301F-11D3-BF4B-00C04F79EFBC}") = "T06. Reversed Chars", "T06. Reversed Chars\T06. Reversed Chars.csproj", "{8799DFB9-8BFB-4ED4-ABE3-661133155DC6}"
EndProject
Project("{FAE04EC0-301F-11D3-BF4B-00C04F79EFBC}") = "T07. Concat Names", "T07. Concat Names\T07. Concat Names.csproj", "{3E75DF40-4DC7-4DD7-94D4-10869CB9A4F2}"
EndProject
Global
	GlobalSection(SolutionConfigurationPlatforms) = preSolution
		Debug|Any CPU = Debug|Any CPU
		Release|Any CPU = Release|Any CPU
	EndGlobalSection
	GlobalSection(ProjectConfigurationPlatforms) = postSolution
		{FCD15689-FD54-41AD-955D-DD2B9167CA0D}.Debug|Any CPU.ActiveCfg = Debug|Any CPU
		{FCD15689-FD54-41AD-955D-DD2B9167CA0D}.Debug|Any CPU.Build.0 = Debug|Any CPU
		{FCD15689-FD54-41AD-955D-DD2B9167CA0D}.Release|Any CPU.ActiveCfg = Release|Any CPU
		{FCD15689-FD54-41AD-955D-DD2B9167CA0D}.Release|Any CPU.Build.0 = Release|Any CPU
		{4A5AF5CA-FB54-4BFE-9EDC-1DA9089F9910}.Debug|Any CPU.ActiveCfg = Debug|Any CPU
		{4A5AF5CA-FB54-4BFE-9EDC-1DA9089F9910}.Debug|Any CPU.Build.0 = Debug|Any CPU
		{4A5AF5CA-FB54-4BFE-9EDC-1DA9089F9910}.Release|Any CPU.ActiveCfg = Release|Any CPU
		{4A5AF5CA-FB54-4BFE-9EDC-1DA9089F9910}.Release|Any CPU.Build.0 = Release|Any CPU
		{0BB528D0-AC12-4372-9A2E-62B889F1DA61}.Debug|Any CPU.ActiveCfg = Debug|Any CPU
		{0BB528D0-AC12-4372-9A2E-62B889F1DA61}.Debug|Any CPU.Build.0 = Debug|Any CPU
		{0BB528D0-AC12-4372-9A2E-62B889F1DA61}.Release|Any CPU.ActiveCfg = Release|Any CPU
		{0BB528D0-AC12-4372-9A2E-62B889F1DA61}.Release|Any CPU.Build.0 = Release|Any CPU
		{4B0FFE58-8782-40EF-8A84-E378D0F58EC0}.Debug|Any CPU.ActiveCfg = Debug|Any CPU
		{4B0FFE58-8782-40EF-8A84-E378D0F58EC0}.Debug|Any CPU.Build.0 = Debug|Any CPU
		{4B0FFE58-8782-40EF-8A84-E378D0F58EC0}.Release|Any CPU.ActiveCfg = Release|Any CPU
		{4B0FFE58-8782-40EF-8A84-E378D0F58EC0}.Release|Any CPU.Build.0 = Release|Any CPU
		{57AF0D6A-C5C3-4555-BC3E-4603054CEE41}.Debug|Any CPU.ActiveCfg = Debug|Any CPU
		{57AF0D6A-C5C3-4555-BC3E-4603054CEE41}.Debug|Any CPU.Build.0 = Debug|Any CPU
		{57AF0D6A-C5C3-4555-BC3E-4603054CEE41}.Release|Any CPU.ActiveCfg = Release|Any CPU
		{57AF0D6A-C5C3-4555-BC3E-4603054CEE41}.Release|Any CPU.Build.0 = Release|Any CPU
		{8799DFB9-8BFB-4ED4-ABE3-661133155DC6}.Debug|Any CPU.ActiveCfg = Debug|Any CPU
		{8799DFB9-8BFB-4ED4-ABE3-661133155DC6}.Debug|Any CPU.Build.0 = Debug|Any CPU
		{8799DFB9-8BFB-4ED4-ABE3-661133155DC6}.Release|Any CPU.ActiveCfg = Release|Any CPU
		{8799DFB9-8BFB-4ED4-ABE3-661133155DC6}.Release|Any CPU.Build.0 = Release|Any CPU
		{3E75DF40-4DC7-4DD7-94D4-10869CB9A4F2}.Debug|Any CPU.ActiveCfg = Debug|Any CPU
		{3E75DF40-4DC7-4DD7-94D4-10869CB9A4F2}.Debug|Any CPU.Build.0 = Debug|Any CPU
		{3E75DF40-4DC7-4DD7-94D4-10869CB9A4F2}.Release|Any CPU.ActiveCfg = Release|Any CPU
		{3E75DF40-4DC7-4DD7-94D4-10869CB9A4F2}.Release|Any CPU.Build.0 = Release|Any CPU
	EndGlobalSection
	GlobalSection(SolutionProperties) = preSolution
		HideSolutionNode = FALSE
	EndGlobalSection
	GlobalSection(ExtensibilityGlobals) = postSolution
		SolutionGuid = {B4973AD7-FAD0-4B28-8D39-732C0630DE62}
	EndGlobalSection
EndGlobal
