
Microsoft Visual Studio Solution File, Format Version 12.00
# Visual Studio Version 17
VisualStudioVersion = 17.2.32630.192
MinimumVisualStudioVersion = 10.0.40219.1
Project("{FAE04EC0-301F-11D3-BF4B-00C04F79EFBC}") = "T01. Encrypt, Sort, and Print Array", "T01. Encrypt, Sort, and Print Array\T01. Encrypt, Sort, and Print Array.csproj", "{7977BC80-36BE-49D3-B488-B65A24966802}"
EndProject
Project("{FAE04EC0-301F-11D3-BF4B-00C04F79EFBC}") = "T02. Pascal Triangle", "T02. Pascal Triangle\T02. Pascal Triangle.csproj", "{66FCBD8F-2E02-41E7-90D0-716797966BF6}"
EndProject
Global
	GlobalSection(SolutionConfigurationPlatforms) = preSolution
		Debug|Any CPU = Debug|Any CPU
		Release|Any CPU = Release|Any CPU
	EndGlobalSection
	GlobalSection(ProjectConfigurationPlatforms) = postSolution
		{7977BC80-36BE-49D3-B488-B65A24966802}.Debug|Any CPU.ActiveCfg = Debug|Any CPU
		{7977BC80-36BE-49D3-B488-B65A24966802}.Debug|Any CPU.Build.0 = Debug|Any CPU
		{7977BC80-36BE-49D3-B488-B65A24966802}.Release|Any CPU.ActiveCfg = Release|Any CPU
		{7977BC80-36BE-49D3-B488-B65A24966802}.Release|Any CPU.Build.0 = Release|Any CPU
		{66FCBD8F-2E02-41E7-90D0-716797966BF6}.Debug|Any CPU.ActiveCfg = Debug|Any CPU
		{66FCBD8F-2E02-41E7-90D0-716797966BF6}.Debug|Any CPU.Build.0 = Debug|Any CPU
		{66FCBD8F-2E02-41E7-90D0-716797966BF6}.Release|Any CPU.ActiveCfg = Release|Any CPU
		{66FCBD8F-2E02-41E7-90D0-716797966BF6}.Release|Any CPU.Build.0 = Release|Any CPU
	EndGlobalSection
	GlobalSection(SolutionProperties) = preSolution
		HideSolutionNode = FALSE
	EndGlobalSection
	GlobalSection(ExtensibilityGlobals) = postSolution
		SolutionGuid = {9D5C6FDA-FCF8-46FD-835B-BD90A6A74C6D}
	EndGlobalSection
EndGlobal
