
Microsoft Visual Studio Solution File, Format Version 12.00
# Visual Studio Version 17
VisualStudioVersion = 17.4.33213.308
MinimumVisualStudioVersion = 10.0.40219.1
Project("{9A19103F-16F7-4668-BE54-9A1E7A4F7556}") = "T01.DefineAClassPerson", "T01. Define a Class Person\T01.DefineAClassPerson.csproj", "{618C3087-B30F-4214-AC51-763A4892A814}"
EndProject
Project("{9A19103F-16F7-4668-BE54-9A1E7A4F7556}") = "T02.CreatingConstructors", "T02. Creating Constructors\T02.CreatingConstructors.csproj", "{64F7BC2E-E9A6-4122-9ADE-59D5A67B4DEE}"
EndProject
Project("{9A19103F-16F7-4668-BE54-9A1E7A4F7556}") = "T03.OldestFamilyMember", "T03.OldestFamilyMember\T03.OldestFamilyMember.csproj", "{1331DD12-2884-4A23-82B5-AAF1766FC0EF}"
EndProject
Project("{9A19103F-16F7-4668-BE54-9A1E7A4F7556}") = "T04.OpinionPoll", "T04.OpinionPoll\T04.OpinionPoll.csproj", "{B248CED8-F412-4E28-806C-5A992A95C35D}"
EndProject
Project("{9A19103F-16F7-4668-BE54-9A1E7A4F7556}") = "T05.DateModifier", "T05.DateModifier\T05.DateModifier.csproj", "{570937E1-55BD-4895-91A9-AB0A8BA51D7C}"
EndProject
Project("{FAE04EC0-301F-11D3-BF4B-00C04F79EFBC}") = "T07.RawData", "T07.RawData\T07.RawData.csproj", "{FEFF1F6F-3189-479A-A67C-BA46C350AF23}"
EndProject
Project("{FAE04EC0-301F-11D3-BF4B-00C04F79EFBC}") = "T08.CarSalesman", "T08.CarSalesman\T08.CarSalesman.csproj", "{E83EAD70-249B-4EB2-BC35-53E1A566E920}"
EndProject
Project("{FAE04EC0-301F-11D3-BF4B-00C04F79EFBC}") = "T09.PokemonTrainer", "T09. Pokemon Trainer\T09.PokemonTrainer.csproj", "{3D8B3180-B3E0-42AD-BF2F-6A9F9C97D9A1}"
EndProject
Project("{9A19103F-16F7-4668-BE54-9A1E7A4F7556}") = "T06.SpeedRacing", "T06. Speed Racing\T06.SpeedRacing.csproj", "{251C49AA-6155-418A-A580-BB5A143B466F}"
EndProject
Project("{9A19103F-16F7-4668-BE54-9A1E7A4F7556}") = "T10.SoftUniParking", "T10. SoftUni Parking_Skeleton_6.0\T10.SoftUniParking.csproj", "{20739F13-9A34-491C-8DA3-BEAA6C978CBA}"
EndProject
Global
	GlobalSection(SolutionConfigurationPlatforms) = preSolution
		Debug|Any CPU = Debug|Any CPU
		Release|Any CPU = Release|Any CPU
	EndGlobalSection
	GlobalSection(ProjectConfigurationPlatforms) = postSolution
		{618C3087-B30F-4214-AC51-763A4892A814}.Debug|Any CPU.ActiveCfg = Debug|Any CPU
		{618C3087-B30F-4214-AC51-763A4892A814}.Debug|Any CPU.Build.0 = Debug|Any CPU
		{618C3087-B30F-4214-AC51-763A4892A814}.Release|Any CPU.ActiveCfg = Release|Any CPU
		{618C3087-B30F-4214-AC51-763A4892A814}.Release|Any CPU.Build.0 = Release|Any CPU
		{64F7BC2E-E9A6-4122-9ADE-59D5A67B4DEE}.Debug|Any CPU.ActiveCfg = Debug|Any CPU
		{64F7BC2E-E9A6-4122-9ADE-59D5A67B4DEE}.Debug|Any CPU.Build.0 = Debug|Any CPU
		{64F7BC2E-E9A6-4122-9ADE-59D5A67B4DEE}.Release|Any CPU.ActiveCfg = Release|Any CPU
		{64F7BC2E-E9A6-4122-9ADE-59D5A67B4DEE}.Release|Any CPU.Build.0 = Release|Any CPU
		{1331DD12-2884-4A23-82B5-AAF1766FC0EF}.Debug|Any CPU.ActiveCfg = Debug|Any CPU
		{1331DD12-2884-4A23-82B5-AAF1766FC0EF}.Debug|Any CPU.Build.0 = Debug|Any CPU
		{1331DD12-2884-4A23-82B5-AAF1766FC0EF}.Release|Any CPU.ActiveCfg = Release|Any CPU
		{1331DD12-2884-4A23-82B5-AAF1766FC0EF}.Release|Any CPU.Build.0 = Release|Any CPU
		{B248CED8-F412-4E28-806C-5A992A95C35D}.Debug|Any CPU.ActiveCfg = Debug|Any CPU
		{B248CED8-F412-4E28-806C-5A992A95C35D}.Debug|Any CPU.Build.0 = Debug|Any CPU
		{B248CED8-F412-4E28-806C-5A992A95C35D}.Release|Any CPU.ActiveCfg = Release|Any CPU
		{B248CED8-F412-4E28-806C-5A992A95C35D}.Release|Any CPU.Build.0 = Release|Any CPU
		{570937E1-55BD-4895-91A9-AB0A8BA51D7C}.Debug|Any CPU.ActiveCfg = Debug|Any CPU
		{570937E1-55BD-4895-91A9-AB0A8BA51D7C}.Debug|Any CPU.Build.0 = Debug|Any CPU
		{570937E1-55BD-4895-91A9-AB0A8BA51D7C}.Release|Any CPU.ActiveCfg = Release|Any CPU
		{570937E1-55BD-4895-91A9-AB0A8BA51D7C}.Release|Any CPU.Build.0 = Release|Any CPU
		{FEFF1F6F-3189-479A-A67C-BA46C350AF23}.Debug|Any CPU.ActiveCfg = Debug|Any CPU
		{FEFF1F6F-3189-479A-A67C-BA46C350AF23}.Debug|Any CPU.Build.0 = Debug|Any CPU
		{FEFF1F6F-3189-479A-A67C-BA46C350AF23}.Release|Any CPU.ActiveCfg = Release|Any CPU
		{FEFF1F6F-3189-479A-A67C-BA46C350AF23}.Release|Any CPU.Build.0 = Release|Any CPU
		{E83EAD70-249B-4EB2-BC35-53E1A566E920}.Debug|Any CPU.ActiveCfg = Debug|Any CPU
		{E83EAD70-249B-4EB2-BC35-53E1A566E920}.Debug|Any CPU.Build.0 = Debug|Any CPU
		{E83EAD70-249B-4EB2-BC35-53E1A566E920}.Release|Any CPU.ActiveCfg = Release|Any CPU
		{E83EAD70-249B-4EB2-BC35-53E1A566E920}.Release|Any CPU.Build.0 = Release|Any CPU
		{3D8B3180-B3E0-42AD-BF2F-6A9F9C97D9A1}.Debug|Any CPU.ActiveCfg = Debug|Any CPU
		{3D8B3180-B3E0-42AD-BF2F-6A9F9C97D9A1}.Debug|Any CPU.Build.0 = Debug|Any CPU
		{3D8B3180-B3E0-42AD-BF2F-6A9F9C97D9A1}.Release|Any CPU.ActiveCfg = Release|Any CPU
		{3D8B3180-B3E0-42AD-BF2F-6A9F9C97D9A1}.Release|Any CPU.Build.0 = Release|Any CPU
		{251C49AA-6155-418A-A580-BB5A143B466F}.Debug|Any CPU.ActiveCfg = Debug|Any CPU
		{251C49AA-6155-418A-A580-BB5A143B466F}.Debug|Any CPU.Build.0 = Debug|Any CPU
		{251C49AA-6155-418A-A580-BB5A143B466F}.Release|Any CPU.ActiveCfg = Release|Any CPU
		{251C49AA-6155-418A-A580-BB5A143B466F}.Release|Any CPU.Build.0 = Release|Any CPU
		{20739F13-9A34-491C-8DA3-BEAA6C978CBA}.Debug|Any CPU.ActiveCfg = Debug|Any CPU
		{20739F13-9A34-491C-8DA3-BEAA6C978CBA}.Debug|Any CPU.Build.0 = Debug|Any CPU
		{20739F13-9A34-491C-8DA3-BEAA6C978CBA}.Release|Any CPU.ActiveCfg = Release|Any CPU
		{20739F13-9A34-491C-8DA3-BEAA6C978CBA}.Release|Any CPU.Build.0 = Release|Any CPU
	EndGlobalSection
	GlobalSection(SolutionProperties) = preSolution
		HideSolutionNode = FALSE
	EndGlobalSection
	GlobalSection(ExtensibilityGlobals) = postSolution
		SolutionGuid = {BCF1ABFB-4D54-4FEE-AC0E-158B5171C7CE}
	EndGlobalSection
EndGlobal
