
Microsoft Visual Studio Solution File, Format Version 12.00
# Visual Studio Version 17
VisualStudioVersion = 17.2.32630.192
MinimumVisualStudioVersion = 10.0.40219.1
Project("{FAE04EC0-301F-11D3-BF4B-00C04F79EFBC}") = "T01. Sign of Integer Numbers", "T01. Sign of Integer Numbers\T01. Sign of Integer Numbers.csproj", "{B278EE52-8ECA-4EDD-A202-60C6E88D795E}"
EndProject
Project("{FAE04EC0-301F-11D3-BF4B-00C04F79EFBC}") = "T02. Grades", "T02. Grades\T02. Grades.csproj", "{A4F24520-F9FC-4698-9794-53983F1A62BD}"
EndProject
Project("{FAE04EC0-301F-11D3-BF4B-00C04F79EFBC}") = "T03. Calculations", "T03. Calculations\T03. Calculations.csproj", "{D0A66C45-D249-405E-B02F-2C1EC0C2AF0A}"
EndProject
Project("{FAE04EC0-301F-11D3-BF4B-00C04F79EFBC}") = "T04. Printing Triangle", "T04. Printing Triangle\T04. Printing Triangle.csproj", "{D5B1C41E-E1E1-467B-9CF9-46A3ED169C48}"
EndProject
Global
	GlobalSection(SolutionConfigurationPlatforms) = preSolution
		Debug|Any CPU = Debug|Any CPU
		Release|Any CPU = Release|Any CPU
	EndGlobalSection
	GlobalSection(ProjectConfigurationPlatforms) = postSolution
		{B278EE52-8ECA-4EDD-A202-60C6E88D795E}.Debug|Any CPU.ActiveCfg = Debug|Any CPU
		{B278EE52-8ECA-4EDD-A202-60C6E88D795E}.Debug|Any CPU.Build.0 = Debug|Any CPU
		{B278EE52-8ECA-4EDD-A202-60C6E88D795E}.Release|Any CPU.ActiveCfg = Release|Any CPU
		{B278EE52-8ECA-4EDD-A202-60C6E88D795E}.Release|Any CPU.Build.0 = Release|Any CPU
		{A4F24520-F9FC-4698-9794-53983F1A62BD}.Debug|Any CPU.ActiveCfg = Debug|Any CPU
		{A4F24520-F9FC-4698-9794-53983F1A62BD}.Debug|Any CPU.Build.0 = Debug|Any CPU
		{A4F24520-F9FC-4698-9794-53983F1A62BD}.Release|Any CPU.ActiveCfg = Release|Any CPU
		{A4F24520-F9FC-4698-9794-53983F1A62BD}.Release|Any CPU.Build.0 = Release|Any CPU
		{D0A66C45-D249-405E-B02F-2C1EC0C2AF0A}.Debug|Any CPU.ActiveCfg = Debug|Any CPU
		{D0A66C45-D249-405E-B02F-2C1EC0C2AF0A}.Debug|Any CPU.Build.0 = Debug|Any CPU
		{D0A66C45-D249-405E-B02F-2C1EC0C2AF0A}.Release|Any CPU.ActiveCfg = Release|Any CPU
		{D0A66C45-D249-405E-B02F-2C1EC0C2AF0A}.Release|Any CPU.Build.0 = Release|Any CPU
		{D5B1C41E-E1E1-467B-9CF9-46A3ED169C48}.Debug|Any CPU.ActiveCfg = Debug|Any CPU
		{D5B1C41E-E1E1-467B-9CF9-46A3ED169C48}.Debug|Any CPU.Build.0 = Debug|Any CPU
		{D5B1C41E-E1E1-467B-9CF9-46A3ED169C48}.Release|Any CPU.ActiveCfg = Release|Any CPU
		{D5B1C41E-E1E1-467B-9CF9-46A3ED169C48}.Release|Any CPU.Build.0 = Release|Any CPU
	EndGlobalSection
	GlobalSection(SolutionProperties) = preSolution
		HideSolutionNode = FALSE
	EndGlobalSection
	GlobalSection(ExtensibilityGlobals) = postSolution
		SolutionGuid = {D48AFB41-4A62-4D43-8E6E-0B1CC915A028}
	EndGlobalSection
EndGlobal
