
Microsoft Visual Studio Solution File, Format Version 12.00
# Visual Studio Version 17
VisualStudioVersion = 17.7.34221.43
MinimumVisualStudioVersion = 10.0.40219.1
Project("{9A19103F-16F7-4668-BE54-9A1E7A4F7556}") = "01. Import Users", "01. Import Users\01. Import Users.csproj", "{FF66428C-6421-4112-90AC-7FD3CCC34900}"
EndProject
Global
	GlobalSection(SolutionConfigurationPlatforms) = preSolution
		Debug|Any CPU = Debug|Any CPU
		Release|Any CPU = Release|Any CPU
	EndGlobalSection
	GlobalSection(ProjectConfigurationPlatforms) = postSolution
		{FF66428C-6421-4112-90AC-7FD3CCC34900}.Debug|Any CPU.ActiveCfg = Debug|Any CPU
		{FF66428C-6421-4112-90AC-7FD3CCC34900}.Debug|Any CPU.Build.0 = Debug|Any CPU
		{FF66428C-6421-4112-90AC-7FD3CCC34900}.Release|Any CPU.ActiveCfg = Release|Any CPU
		{FF66428C-6421-4112-90AC-7FD3CCC34900}.Release|Any CPU.Build.0 = Release|Any CPU
	EndGlobalSection
	GlobalSection(SolutionProperties) = preSolution
		HideSolutionNode = FALSE
	EndGlobalSection
	GlobalSection(ExtensibilityGlobals) = postSolution
		SolutionGuid = {9AB67564-BDBE-4C1A-B92B-159A257C803D}
	EndGlobalSection
EndGlobal
