
Microsoft Visual Studio Solution File, Format Version 12.00
# Visual Studio Version 17
VisualStudioVersion = 17.7.34221.43
MinimumVisualStudioVersion = 10.0.40219.1
Project("{9A19103F-16F7-4668-BE54-9A1E7A4F7556}") = "01. Import Users", "01. Import Users\01. Import Users.csproj", "{FF66428C-6421-4112-90AC-7FD3CCC34900}"
EndProject
Project("{9A19103F-16F7-4668-BE54-9A1E7A4F7556}") = "02. Import Products", "02. Import Products\02. Import Products.csproj", "{F0F07C91-AFAC-4950-9CED-860F8A0CDB74}"
EndProject
Project("{9A19103F-16F7-4668-BE54-9A1E7A4F7556}") = "03. Import Categories", "03. Import Categories\03. Import Categories.csproj", "{EC83AEDD-32E9-4248-9B4C-08703E49DB41}"
EndProject
Project("{9A19103F-16F7-4668-BE54-9A1E7A4F7556}") = "04. Import Categories and Products", "04. Import Categories and Products\04. Import Categories and Products.csproj", "{37C1593E-2DAE-4CA5-8D34-1315900E2653}"
EndProject
Project("{9A19103F-16F7-4668-BE54-9A1E7A4F7556}") = "05. Export Products In Range", "05. Export Products In Range\05. Export Products In Range.csproj", "{A9AD85C9-6707-47BB-A6AD-9184C74CBF8B}"
EndProject
Project("{9A19103F-16F7-4668-BE54-9A1E7A4F7556}") = "06. Export Sold Products", "06. Export Sold Products\06. Export Sold Products.csproj", "{50B471B2-EA04-405B-9255-FD20F4B6656E}"
EndProject
Project("{9A19103F-16F7-4668-BE54-9A1E7A4F7556}") = "07. Export Categories By Products Count", "07. Export Categories By Products Count\07. Export Categories By Products Count.csproj", "{D458A7D7-FF08-4FAD-9601-2207AC75299A}"
EndProject
Project("{9A19103F-16F7-4668-BE54-9A1E7A4F7556}") = "08. Export Users and Products", "08. Export Users and Products\08. Export Users and Products.csproj", "{F98DDC6C-B412-40F2-A855-515F7E455C20}"
EndProject
Project("{9A19103F-16F7-4668-BE54-9A1E7A4F7556}") = "09. Import Suppliers", "09. Import Suppliers\09. Import Suppliers.csproj", "{D49B07BE-58D2-466F-BAEC-EE2131D222E6}"
EndProject
Project("{9A19103F-16F7-4668-BE54-9A1E7A4F7556}") = "10. Import Parts", "10. Import Parts\10. Import Parts.csproj", "{735B4BA7-E6B2-4DF8-9E66-1DFCDE9F119E}"
EndProject
Project("{9A19103F-16F7-4668-BE54-9A1E7A4F7556}") = "11. Import Cars", "11. Import Cars\11. Import Cars.csproj", "{8F4F2736-00FF-4FAC-A36B-E480E667768C}"
EndProject
Project("{9A19103F-16F7-4668-BE54-9A1E7A4F7556}") = "12. Import Customers", "12. Import Customers\12. Import Customers.csproj", "{A09EFF9E-3AEA-4CB8-8EC6-16A63527F65A}"
EndProject
Project("{9A19103F-16F7-4668-BE54-9A1E7A4F7556}") = "13. Import Sales", "13. Import Sales\13. Import Sales.csproj", "{28E77249-2220-489F-BF34-21CD8AEADB95}"
EndProject
Project("{9A19103F-16F7-4668-BE54-9A1E7A4F7556}") = "14. Export Ordered Customers", "14. Export Ordered Customers\14. Export Ordered Customers.csproj", "{26CE2DDA-5134-4826-8A94-913C498E278B}"
EndProject
Project("{9A19103F-16F7-4668-BE54-9A1E7A4F7556}") = "15. Export Cars From Make Toyota", "15. Export Cars From Make Toyota\15. Export Cars From Make Toyota.csproj", "{1AE0BFEF-265E-4F59-AF34-EE0CCD4F2292}"
EndProject
Project("{9A19103F-16F7-4668-BE54-9A1E7A4F7556}") = "16. Export Local Suppliers", "16. Export Local Suppliers\16. Export Local Suppliers.csproj", "{D224D7C0-667F-4838-AD4E-81BAE14BE1AA}"
EndProject
Project("{FAE04EC0-301F-11D3-BF4B-00C04F79EFBC}") = "17. Export Cars With Their List Of Parts", "17. Export Cars With Their List Of Parts\17. Export Cars With Their List Of Parts.csproj", "{E8C6887C-BCFD-49CA-80A8-CDA7A79AAE58}"
EndProject
Project("{FAE04EC0-301F-11D3-BF4B-00C04F79EFBC}") = "18. Export Total Sales By Customer", "18. Export Total Sales By Customer\18. Export Total Sales By Customer.csproj", "{067BADEF-3824-40BA-BB20-85DAC826E714}"
EndProject
Global
	GlobalSection(SolutionConfigurationPlatforms) = preSolution
		Debug|Any CPU = Debug|Any CPU
		Release|Any CPU = Release|Any CPU
	EndGlobalSection
	GlobalSection(ProjectConfigurationPlatforms) = postSolution
		{FF66428C-6421-4112-90AC-7FD3CCC34900}.Debug|Any CPU.ActiveCfg = Debug|Any CPU
		{FF66428C-6421-4112-90AC-7FD3CCC34900}.Debug|Any CPU.Build.0 = Debug|Any CPU
		{FF66428C-6421-4112-90AC-7FD3CCC34900}.Release|Any CPU.ActiveCfg = Release|Any CPU
		{FF66428C-6421-4112-90AC-7FD3CCC34900}.Release|Any CPU.Build.0 = Release|Any CPU
		{F0F07C91-AFAC-4950-9CED-860F8A0CDB74}.Debug|Any CPU.ActiveCfg = Debug|Any CPU
		{F0F07C91-AFAC-4950-9CED-860F8A0CDB74}.Debug|Any CPU.Build.0 = Debug|Any CPU
		{F0F07C91-AFAC-4950-9CED-860F8A0CDB74}.Release|Any CPU.ActiveCfg = Release|Any CPU
		{F0F07C91-AFAC-4950-9CED-860F8A0CDB74}.Release|Any CPU.Build.0 = Release|Any CPU
		{EC83AEDD-32E9-4248-9B4C-08703E49DB41}.Debug|Any CPU.ActiveCfg = Debug|Any CPU
		{EC83AEDD-32E9-4248-9B4C-08703E49DB41}.Debug|Any CPU.Build.0 = Debug|Any CPU
		{EC83AEDD-32E9-4248-9B4C-08703E49DB41}.Release|Any CPU.ActiveCfg = Release|Any CPU
		{EC83AEDD-32E9-4248-9B4C-08703E49DB41}.Release|Any CPU.Build.0 = Release|Any CPU
		{37C1593E-2DAE-4CA5-8D34-1315900E2653}.Debug|Any CPU.ActiveCfg = Debug|Any CPU
		{37C1593E-2DAE-4CA5-8D34-1315900E2653}.Debug|Any CPU.Build.0 = Debug|Any CPU
		{37C1593E-2DAE-4CA5-8D34-1315900E2653}.Release|Any CPU.ActiveCfg = Release|Any CPU
		{37C1593E-2DAE-4CA5-8D34-1315900E2653}.Release|Any CPU.Build.0 = Release|Any CPU
		{A9AD85C9-6707-47BB-A6AD-9184C74CBF8B}.Debug|Any CPU.ActiveCfg = Debug|Any CPU
		{A9AD85C9-6707-47BB-A6AD-9184C74CBF8B}.Debug|Any CPU.Build.0 = Debug|Any CPU
		{A9AD85C9-6707-47BB-A6AD-9184C74CBF8B}.Release|Any CPU.ActiveCfg = Release|Any CPU
		{A9AD85C9-6707-47BB-A6AD-9184C74CBF8B}.Release|Any CPU.Build.0 = Release|Any CPU
		{50B471B2-EA04-405B-9255-FD20F4B6656E}.Debug|Any CPU.ActiveCfg = Debug|Any CPU
		{50B471B2-EA04-405B-9255-FD20F4B6656E}.Debug|Any CPU.Build.0 = Debug|Any CPU
		{50B471B2-EA04-405B-9255-FD20F4B6656E}.Release|Any CPU.ActiveCfg = Release|Any CPU
		{50B471B2-EA04-405B-9255-FD20F4B6656E}.Release|Any CPU.Build.0 = Release|Any CPU
		{D458A7D7-FF08-4FAD-9601-2207AC75299A}.Debug|Any CPU.ActiveCfg = Debug|Any CPU
		{D458A7D7-FF08-4FAD-9601-2207AC75299A}.Debug|Any CPU.Build.0 = Debug|Any CPU
		{D458A7D7-FF08-4FAD-9601-2207AC75299A}.Release|Any CPU.ActiveCfg = Release|Any CPU
		{D458A7D7-FF08-4FAD-9601-2207AC75299A}.Release|Any CPU.Build.0 = Release|Any CPU
		{F98DDC6C-B412-40F2-A855-515F7E455C20}.Debug|Any CPU.ActiveCfg = Debug|Any CPU
		{F98DDC6C-B412-40F2-A855-515F7E455C20}.Debug|Any CPU.Build.0 = Debug|Any CPU
		{F98DDC6C-B412-40F2-A855-515F7E455C20}.Release|Any CPU.ActiveCfg = Release|Any CPU
		{F98DDC6C-B412-40F2-A855-515F7E455C20}.Release|Any CPU.Build.0 = Release|Any CPU
		{D49B07BE-58D2-466F-BAEC-EE2131D222E6}.Debug|Any CPU.ActiveCfg = Debug|Any CPU
		{D49B07BE-58D2-466F-BAEC-EE2131D222E6}.Debug|Any CPU.Build.0 = Debug|Any CPU
		{D49B07BE-58D2-466F-BAEC-EE2131D222E6}.Release|Any CPU.ActiveCfg = Release|Any CPU
		{D49B07BE-58D2-466F-BAEC-EE2131D222E6}.Release|Any CPU.Build.0 = Release|Any CPU
		{735B4BA7-E6B2-4DF8-9E66-1DFCDE9F119E}.Debug|Any CPU.ActiveCfg = Debug|Any CPU
		{735B4BA7-E6B2-4DF8-9E66-1DFCDE9F119E}.Debug|Any CPU.Build.0 = Debug|Any CPU
		{735B4BA7-E6B2-4DF8-9E66-1DFCDE9F119E}.Release|Any CPU.ActiveCfg = Release|Any CPU
		{735B4BA7-E6B2-4DF8-9E66-1DFCDE9F119E}.Release|Any CPU.Build.0 = Release|Any CPU
		{8F4F2736-00FF-4FAC-A36B-E480E667768C}.Debug|Any CPU.ActiveCfg = Debug|Any CPU
		{8F4F2736-00FF-4FAC-A36B-E480E667768C}.Debug|Any CPU.Build.0 = Debug|Any CPU
		{8F4F2736-00FF-4FAC-A36B-E480E667768C}.Release|Any CPU.ActiveCfg = Release|Any CPU
		{8F4F2736-00FF-4FAC-A36B-E480E667768C}.Release|Any CPU.Build.0 = Release|Any CPU
		{A09EFF9E-3AEA-4CB8-8EC6-16A63527F65A}.Debug|Any CPU.ActiveCfg = Debug|Any CPU
		{A09EFF9E-3AEA-4CB8-8EC6-16A63527F65A}.Debug|Any CPU.Build.0 = Debug|Any CPU
		{A09EFF9E-3AEA-4CB8-8EC6-16A63527F65A}.Release|Any CPU.ActiveCfg = Release|Any CPU
		{A09EFF9E-3AEA-4CB8-8EC6-16A63527F65A}.Release|Any CPU.Build.0 = Release|Any CPU
		{28E77249-2220-489F-BF34-21CD8AEADB95}.Debug|Any CPU.ActiveCfg = Debug|Any CPU
		{28E77249-2220-489F-BF34-21CD8AEADB95}.Debug|Any CPU.Build.0 = Debug|Any CPU
		{28E77249-2220-489F-BF34-21CD8AEADB95}.Release|Any CPU.ActiveCfg = Release|Any CPU
		{28E77249-2220-489F-BF34-21CD8AEADB95}.Release|Any CPU.Build.0 = Release|Any CPU
		{26CE2DDA-5134-4826-8A94-913C498E278B}.Debug|Any CPU.ActiveCfg = Debug|Any CPU
		{26CE2DDA-5134-4826-8A94-913C498E278B}.Debug|Any CPU.Build.0 = Debug|Any CPU
		{26CE2DDA-5134-4826-8A94-913C498E278B}.Release|Any CPU.ActiveCfg = Release|Any CPU
		{26CE2DDA-5134-4826-8A94-913C498E278B}.Release|Any CPU.Build.0 = Release|Any CPU
		{1AE0BFEF-265E-4F59-AF34-EE0CCD4F2292}.Debug|Any CPU.ActiveCfg = Debug|Any CPU
		{1AE0BFEF-265E-4F59-AF34-EE0CCD4F2292}.Debug|Any CPU.Build.0 = Debug|Any CPU
		{1AE0BFEF-265E-4F59-AF34-EE0CCD4F2292}.Release|Any CPU.ActiveCfg = Release|Any CPU
		{1AE0BFEF-265E-4F59-AF34-EE0CCD4F2292}.Release|Any CPU.Build.0 = Release|Any CPU
		{D224D7C0-667F-4838-AD4E-81BAE14BE1AA}.Debug|Any CPU.ActiveCfg = Debug|Any CPU
		{D224D7C0-667F-4838-AD4E-81BAE14BE1AA}.Debug|Any CPU.Build.0 = Debug|Any CPU
		{D224D7C0-667F-4838-AD4E-81BAE14BE1AA}.Release|Any CPU.ActiveCfg = Release|Any CPU
		{D224D7C0-667F-4838-AD4E-81BAE14BE1AA}.Release|Any CPU.Build.0 = Release|Any CPU
		{E8C6887C-BCFD-49CA-80A8-CDA7A79AAE58}.Debug|Any CPU.ActiveCfg = Debug|Any CPU
		{E8C6887C-BCFD-49CA-80A8-CDA7A79AAE58}.Debug|Any CPU.Build.0 = Debug|Any CPU
		{E8C6887C-BCFD-49CA-80A8-CDA7A79AAE58}.Release|Any CPU.ActiveCfg = Release|Any CPU
		{E8C6887C-BCFD-49CA-80A8-CDA7A79AAE58}.Release|Any CPU.Build.0 = Release|Any CPU
		{067BADEF-3824-40BA-BB20-85DAC826E714}.Debug|Any CPU.ActiveCfg = Debug|Any CPU
		{067BADEF-3824-40BA-BB20-85DAC826E714}.Debug|Any CPU.Build.0 = Debug|Any CPU
		{067BADEF-3824-40BA-BB20-85DAC826E714}.Release|Any CPU.ActiveCfg = Release|Any CPU
		{067BADEF-3824-40BA-BB20-85DAC826E714}.Release|Any CPU.Build.0 = Release|Any CPU
	EndGlobalSection
	GlobalSection(SolutionProperties) = preSolution
		HideSolutionNode = FALSE
	EndGlobalSection
	GlobalSection(ExtensibilityGlobals) = postSolution
		SolutionGuid = {9AB67564-BDBE-4C1A-B92B-159A257C803D}
	EndGlobalSection
EndGlobal
