
Microsoft Visual Studio Solution File, Format Version 12.00
# Visual Studio Version 17
VisualStudioVersion = 17.3.32901.215
MinimumVisualStudioVersion = 10.0.40219.1
Project("{FAE04EC0-301F-11D3-BF4B-00C04F79EFBC}") = "T01. Cooking Masterclass", "T01. Cooking Masterclass\T01. Cooking Masterclass.csproj", "{4E857D72-8D87-437E-94B7-7DD10B299961}"
EndProject
Project("{FAE04EC0-301F-11D3-BF4B-00C04F79EFBC}") = "T02. Friend List Maintenance", "T02. Friend List Maintenance\T02. Friend List Maintenance.csproj", "{98868FE6-FE38-495F-A9F6-66DABC115E76}"
EndProject
Project("{FAE04EC0-301F-11D3-BF4B-00C04F79EFBC}") = "T03. The Angry Cat", "T03. The Angry Cat\T03. The Angry Cat.csproj", "{95F0445B-38D7-409C-9FA4-68F649D4034E}"
EndProject
Global
	GlobalSection(SolutionConfigurationPlatforms) = preSolution
		Debug|Any CPU = Debug|Any CPU
		Release|Any CPU = Release|Any CPU
	EndGlobalSection
	GlobalSection(ProjectConfigurationPlatforms) = postSolution
		{4E857D72-8D87-437E-94B7-7DD10B299961}.Debug|Any CPU.ActiveCfg = Debug|Any CPU
		{4E857D72-8D87-437E-94B7-7DD10B299961}.Debug|Any CPU.Build.0 = Debug|Any CPU
		{4E857D72-8D87-437E-94B7-7DD10B299961}.Release|Any CPU.ActiveCfg = Release|Any CPU
		{4E857D72-8D87-437E-94B7-7DD10B299961}.Release|Any CPU.Build.0 = Release|Any CPU
		{98868FE6-FE38-495F-A9F6-66DABC115E76}.Debug|Any CPU.ActiveCfg = Debug|Any CPU
		{98868FE6-FE38-495F-A9F6-66DABC115E76}.Debug|Any CPU.Build.0 = Debug|Any CPU
		{98868FE6-FE38-495F-A9F6-66DABC115E76}.Release|Any CPU.ActiveCfg = Release|Any CPU
		{98868FE6-FE38-495F-A9F6-66DABC115E76}.Release|Any CPU.Build.0 = Release|Any CPU
		{95F0445B-38D7-409C-9FA4-68F649D4034E}.Debug|Any CPU.ActiveCfg = Debug|Any CPU
		{95F0445B-38D7-409C-9FA4-68F649D4034E}.Debug|Any CPU.Build.0 = Debug|Any CPU
		{95F0445B-38D7-409C-9FA4-68F649D4034E}.Release|Any CPU.ActiveCfg = Release|Any CPU
		{95F0445B-38D7-409C-9FA4-68F649D4034E}.Release|Any CPU.Build.0 = Release|Any CPU
	EndGlobalSection
	GlobalSection(SolutionProperties) = preSolution
		HideSolutionNode = FALSE
	EndGlobalSection
	GlobalSection(ExtensibilityGlobals) = postSolution
		SolutionGuid = {319039B4-B2A6-4634-8FC5-A48190CA4F79}
	EndGlobalSection
EndGlobal
