
Microsoft Visual Studio Solution File, Format Version 12.00
# Visual Studio Version 17
VisualStudioVersion = 17.5.33424.131
MinimumVisualStudioVersion = 10.0.40219.1
Project("{9A19103F-16F7-4668-BE54-9A1E7A4F7556}") = "01.SquareRoot", "01.SquareRoot\01.SquareRoot.csproj", "{B27529D8-910D-44D3-A450-5D7B98935753}"
EndProject
Project("{9A19103F-16F7-4668-BE54-9A1E7A4F7556}") = "02.EnterNumbers", "02.EnterNumbers\02.EnterNumbers.csproj", "{226D9DF1-68C2-4634-9DB6-898D762E0F4A}"
EndProject
Project("{9A19103F-16F7-4668-BE54-9A1E7A4F7556}") = "03.Cards", "03.Cards\03.Cards.csproj", "{729CE030-384F-4664-A2E2-D9EAAC528254}"
EndProject
Project("{9A19103F-16F7-4668-BE54-9A1E7A4F7556}") = "04.SumOfIntegers", "04.SumOfIntegers\04.SumOfIntegers.csproj", "{612DC84A-DC15-401E-AF78-9E6D645E1518}"
EndProject
Project("{9A19103F-16F7-4668-BE54-9A1E7A4F7556}") = "05.PlayCatch", "05.PlayCatch\05.PlayCatch.csproj", "{62E82B4E-6799-4F31-B85C-50E314FFA20A}"
EndProject
Project("{FAE04EC0-301F-11D3-BF4B-00C04F79EFBC}") = "06.MoneyTransactions", "06.MoneyTransactions\06.MoneyTransactions.csproj", "{2A11C943-F475-42C6-982C-556EAE0970DB}"
EndProject
Global
	GlobalSection(SolutionConfigurationPlatforms) = preSolution
		Debug|Any CPU = Debug|Any CPU
		Release|Any CPU = Release|Any CPU
	EndGlobalSection
	GlobalSection(ProjectConfigurationPlatforms) = postSolution
		{B27529D8-910D-44D3-A450-5D7B98935753}.Debug|Any CPU.ActiveCfg = Debug|Any CPU
		{B27529D8-910D-44D3-A450-5D7B98935753}.Debug|Any CPU.Build.0 = Debug|Any CPU
		{B27529D8-910D-44D3-A450-5D7B98935753}.Release|Any CPU.ActiveCfg = Release|Any CPU
		{B27529D8-910D-44D3-A450-5D7B98935753}.Release|Any CPU.Build.0 = Release|Any CPU
		{226D9DF1-68C2-4634-9DB6-898D762E0F4A}.Debug|Any CPU.ActiveCfg = Debug|Any CPU
		{226D9DF1-68C2-4634-9DB6-898D762E0F4A}.Debug|Any CPU.Build.0 = Debug|Any CPU
		{226D9DF1-68C2-4634-9DB6-898D762E0F4A}.Release|Any CPU.ActiveCfg = Release|Any CPU
		{226D9DF1-68C2-4634-9DB6-898D762E0F4A}.Release|Any CPU.Build.0 = Release|Any CPU
		{729CE030-384F-4664-A2E2-D9EAAC528254}.Debug|Any CPU.ActiveCfg = Debug|Any CPU
		{729CE030-384F-4664-A2E2-D9EAAC528254}.Debug|Any CPU.Build.0 = Debug|Any CPU
		{729CE030-384F-4664-A2E2-D9EAAC528254}.Release|Any CPU.ActiveCfg = Release|Any CPU
		{729CE030-384F-4664-A2E2-D9EAAC528254}.Release|Any CPU.Build.0 = Release|Any CPU
		{612DC84A-DC15-401E-AF78-9E6D645E1518}.Debug|Any CPU.ActiveCfg = Debug|Any CPU
		{612DC84A-DC15-401E-AF78-9E6D645E1518}.Debug|Any CPU.Build.0 = Debug|Any CPU
		{612DC84A-DC15-401E-AF78-9E6D645E1518}.Release|Any CPU.ActiveCfg = Release|Any CPU
		{612DC84A-DC15-401E-AF78-9E6D645E1518}.Release|Any CPU.Build.0 = Release|Any CPU
		{62E82B4E-6799-4F31-B85C-50E314FFA20A}.Debug|Any CPU.ActiveCfg = Debug|Any CPU
		{62E82B4E-6799-4F31-B85C-50E314FFA20A}.Debug|Any CPU.Build.0 = Debug|Any CPU
		{62E82B4E-6799-4F31-B85C-50E314FFA20A}.Release|Any CPU.ActiveCfg = Release|Any CPU
		{62E82B4E-6799-4F31-B85C-50E314FFA20A}.Release|Any CPU.Build.0 = Release|Any CPU
		{2A11C943-F475-42C6-982C-556EAE0970DB}.Debug|Any CPU.ActiveCfg = Debug|Any CPU
		{2A11C943-F475-42C6-982C-556EAE0970DB}.Debug|Any CPU.Build.0 = Debug|Any CPU
		{2A11C943-F475-42C6-982C-556EAE0970DB}.Release|Any CPU.ActiveCfg = Release|Any CPU
		{2A11C943-F475-42C6-982C-556EAE0970DB}.Release|Any CPU.Build.0 = Release|Any CPU
	EndGlobalSection
	GlobalSection(SolutionProperties) = preSolution
		HideSolutionNode = FALSE
	EndGlobalSection
	GlobalSection(ExtensibilityGlobals) = postSolution
		SolutionGuid = {26CA727A-96B2-4577-B660-1F1078FAA551}
	EndGlobalSection
EndGlobal
