
Microsoft Visual Studio Solution File, Format Version 12.00
# Visual Studio Version 17
VisualStudioVersion = 17.5.33424.131
MinimumVisualStudioVersion = 10.0.40219.1
Project("{FAE04EC0-301F-11D3-BF4B-00C04F79EFBC}") = "01.SquareRoot", "01.SquareRoot\01.SquareRoot.csproj", "{B27529D8-910D-44D3-A450-5D7B98935753}"
EndProject
Global
	GlobalSection(SolutionConfigurationPlatforms) = preSolution
		Debug|Any CPU = Debug|Any CPU
		Release|Any CPU = Release|Any CPU
	EndGlobalSection
	GlobalSection(ProjectConfigurationPlatforms) = postSolution
		{B27529D8-910D-44D3-A450-5D7B98935753}.Debug|Any CPU.ActiveCfg = Debug|Any CPU
		{B27529D8-910D-44D3-A450-5D7B98935753}.Debug|Any CPU.Build.0 = Debug|Any CPU
		{B27529D8-910D-44D3-A450-5D7B98935753}.Release|Any CPU.ActiveCfg = Release|Any CPU
		{B27529D8-910D-44D3-A450-5D7B98935753}.Release|Any CPU.Build.0 = Release|Any CPU
	EndGlobalSection
	GlobalSection(SolutionProperties) = preSolution
		HideSolutionNode = FALSE
	EndGlobalSection
	GlobalSection(ExtensibilityGlobals) = postSolution
		SolutionGuid = {26CA727A-96B2-4577-B660-1F1078FAA551}
	EndGlobalSection
EndGlobal
