
Microsoft Visual Studio Solution File, Format Version 12.00
# Visual Studio Version 17
VisualStudioVersion = 17.3.32901.215
MinimumVisualStudioVersion = 10.0.40219.1
Project("{FAE04EC0-301F-11D3-BF4B-00C04F79EFBC}") = "T01. Debit Card Number", "T01. Debit Card Number\T01. Debit Card Number.csproj", "{829F4D5F-A48E-49BD-9D6A-D8B204FE8A7B}"
EndProject
Project("{FAE04EC0-301F-11D3-BF4B-00C04F79EFBC}") = "T02. Area", "T02. Area\T02. Area.csproj", "{2C1CEB0F-6E30-4166-A2E0-619A913BC3C1}"
EndProject
Project("{FAE04EC0-301F-11D3-BF4B-00C04F79EFBC}") = "T03. Mil-Km", "T03. Mil-Km\T03. Mil-Km.csproj", "{75C81470-2991-43CC-A916-493952652FD0}"
EndProject
Global
	GlobalSection(SolutionConfigurationPlatforms) = preSolution
		Debug|Any CPU = Debug|Any CPU
		Release|Any CPU = Release|Any CPU
	EndGlobalSection
	GlobalSection(ProjectConfigurationPlatforms) = postSolution
		{829F4D5F-A48E-49BD-9D6A-D8B204FE8A7B}.Debug|Any CPU.ActiveCfg = Debug|Any CPU
		{829F4D5F-A48E-49BD-9D6A-D8B204FE8A7B}.Debug|Any CPU.Build.0 = Debug|Any CPU
		{829F4D5F-A48E-49BD-9D6A-D8B204FE8A7B}.Release|Any CPU.ActiveCfg = Release|Any CPU
		{829F4D5F-A48E-49BD-9D6A-D8B204FE8A7B}.Release|Any CPU.Build.0 = Release|Any CPU
		{2C1CEB0F-6E30-4166-A2E0-619A913BC3C1}.Debug|Any CPU.ActiveCfg = Debug|Any CPU
		{2C1CEB0F-6E30-4166-A2E0-619A913BC3C1}.Debug|Any CPU.Build.0 = Debug|Any CPU
		{2C1CEB0F-6E30-4166-A2E0-619A913BC3C1}.Release|Any CPU.ActiveCfg = Release|Any CPU
		{2C1CEB0F-6E30-4166-A2E0-619A913BC3C1}.Release|Any CPU.Build.0 = Release|Any CPU
		{75C81470-2991-43CC-A916-493952652FD0}.Debug|Any CPU.ActiveCfg = Debug|Any CPU
		{75C81470-2991-43CC-A916-493952652FD0}.Debug|Any CPU.Build.0 = Debug|Any CPU
		{75C81470-2991-43CC-A916-493952652FD0}.Release|Any CPU.ActiveCfg = Release|Any CPU
		{75C81470-2991-43CC-A916-493952652FD0}.Release|Any CPU.Build.0 = Release|Any CPU
	EndGlobalSection
	GlobalSection(SolutionProperties) = preSolution
		HideSolutionNode = FALSE
	EndGlobalSection
	GlobalSection(ExtensibilityGlobals) = postSolution
		SolutionGuid = {24D5B470-7C0D-4334-A937-71C9B16864B2}
	EndGlobalSection
EndGlobal
