
Microsoft Visual Studio Solution File, Format Version 12.00
# Visual Studio Version 17
VisualStudioVersion = 17.2.32630.192
MinimumVisualStudioVersion = 10.0.40219.1
Project("{FAE04EC0-301F-11D3-BF4B-00C04F79EFBC}") = "T01. Messaging", "T01. Messaging\T01. Messaging.csproj", "{AB40D87B-C2F9-44DC-B006-8F8D91773A75}"
EndProject
Project("{FAE04EC0-301F-11D3-BF4B-00C04F79EFBC}") = "T02. Car Race", "T02. Car Race\T02. Car Race.csproj", "{6353FBF8-1E20-4D18-83A9-1A7DB3D6C771}"
EndProject
Project("{FAE04EC0-301F-11D3-BF4B-00C04F79EFBC}") = "T03. Take-Skip Rope", "T03. Take-Skip Rope\T03. Take-Skip Rope.csproj", "{CA28DEF1-F3C7-4BA9-BCD1-0CDE3D953484}"
EndProject
Project("{FAE04EC0-301F-11D3-BF4B-00C04F79EFBC}") = "T04. Mixed up Lists", "T04. Mixed up Lists\T04. Mixed up Lists.csproj", "{F627CA3A-F0CC-4EAB-9174-6195A15047D5}"
EndProject
Global
	GlobalSection(SolutionConfigurationPlatforms) = preSolution
		Debug|Any CPU = Debug|Any CPU
		Release|Any CPU = Release|Any CPU
	EndGlobalSection
	GlobalSection(ProjectConfigurationPlatforms) = postSolution
		{AB40D87B-C2F9-44DC-B006-8F8D91773A75}.Debug|Any CPU.ActiveCfg = Debug|Any CPU
		{AB40D87B-C2F9-44DC-B006-8F8D91773A75}.Debug|Any CPU.Build.0 = Debug|Any CPU
		{AB40D87B-C2F9-44DC-B006-8F8D91773A75}.Release|Any CPU.ActiveCfg = Release|Any CPU
		{AB40D87B-C2F9-44DC-B006-8F8D91773A75}.Release|Any CPU.Build.0 = Release|Any CPU
		{6353FBF8-1E20-4D18-83A9-1A7DB3D6C771}.Debug|Any CPU.ActiveCfg = Debug|Any CPU
		{6353FBF8-1E20-4D18-83A9-1A7DB3D6C771}.Debug|Any CPU.Build.0 = Debug|Any CPU
		{6353FBF8-1E20-4D18-83A9-1A7DB3D6C771}.Release|Any CPU.ActiveCfg = Release|Any CPU
		{6353FBF8-1E20-4D18-83A9-1A7DB3D6C771}.Release|Any CPU.Build.0 = Release|Any CPU
		{CA28DEF1-F3C7-4BA9-BCD1-0CDE3D953484}.Debug|Any CPU.ActiveCfg = Debug|Any CPU
		{CA28DEF1-F3C7-4BA9-BCD1-0CDE3D953484}.Debug|Any CPU.Build.0 = Debug|Any CPU
		{CA28DEF1-F3C7-4BA9-BCD1-0CDE3D953484}.Release|Any CPU.ActiveCfg = Release|Any CPU
		{CA28DEF1-F3C7-4BA9-BCD1-0CDE3D953484}.Release|Any CPU.Build.0 = Release|Any CPU
		{F627CA3A-F0CC-4EAB-9174-6195A15047D5}.Debug|Any CPU.ActiveCfg = Debug|Any CPU
		{F627CA3A-F0CC-4EAB-9174-6195A15047D5}.Debug|Any CPU.Build.0 = Debug|Any CPU
		{F627CA3A-F0CC-4EAB-9174-6195A15047D5}.Release|Any CPU.ActiveCfg = Release|Any CPU
		{F627CA3A-F0CC-4EAB-9174-6195A15047D5}.Release|Any CPU.Build.0 = Release|Any CPU
	EndGlobalSection
	GlobalSection(SolutionProperties) = preSolution
		HideSolutionNode = FALSE
	EndGlobalSection
	GlobalSection(ExtensibilityGlobals) = postSolution
		SolutionGuid = {B324C1B7-C238-440E-B198-8674F6E7C13F}
	EndGlobalSection
EndGlobal
