
Microsoft Visual Studio Solution File, Format Version 12.00
# Visual Studio Version 17
VisualStudioVersion = 17.5.33502.453
MinimumVisualStudioVersion = 10.0.40219.1
Project("{FAE04EC0-301F-11D3-BF4B-00C04F79EFBC}") = "01.TestAxe", "01.TestAxe\01.TestAxe.csproj", "{2987C601-81FE-46C8-9DF1-0FDA9DA2FD88}"
EndProject
Project("{FAE04EC0-301F-11D3-BF4B-00C04F79EFBC}") = "02.DummyTests", "02.DummyTests\02.DummyTests.csproj", "{0EAA53D2-1A11-4C46-B674-C053DC1663EF}"
EndProject
Global
	GlobalSection(SolutionConfigurationPlatforms) = preSolution
		Debug|Any CPU = Debug|Any CPU
		Release|Any CPU = Release|Any CPU
	EndGlobalSection
	GlobalSection(ProjectConfigurationPlatforms) = postSolution
		{2987C601-81FE-46C8-9DF1-0FDA9DA2FD88}.Debug|Any CPU.ActiveCfg = Debug|Any CPU
		{2987C601-81FE-46C8-9DF1-0FDA9DA2FD88}.Debug|Any CPU.Build.0 = Debug|Any CPU
		{2987C601-81FE-46C8-9DF1-0FDA9DA2FD88}.Release|Any CPU.ActiveCfg = Release|Any CPU
		{2987C601-81FE-46C8-9DF1-0FDA9DA2FD88}.Release|Any CPU.Build.0 = Release|Any CPU
		{0EAA53D2-1A11-4C46-B674-C053DC1663EF}.Debug|Any CPU.ActiveCfg = Debug|Any CPU
		{0EAA53D2-1A11-4C46-B674-C053DC1663EF}.Debug|Any CPU.Build.0 = Debug|Any CPU
		{0EAA53D2-1A11-4C46-B674-C053DC1663EF}.Release|Any CPU.ActiveCfg = Release|Any CPU
		{0EAA53D2-1A11-4C46-B674-C053DC1663EF}.Release|Any CPU.Build.0 = Release|Any CPU
	EndGlobalSection
	GlobalSection(SolutionProperties) = preSolution
		HideSolutionNode = FALSE
	EndGlobalSection
	GlobalSection(ExtensibilityGlobals) = postSolution
		SolutionGuid = {92878331-5606-4957-A4E8-1C8F7C44B3FE}
	EndGlobalSection
EndGlobal
