
Microsoft Visual Studio Solution File, Format Version 12.00
# Visual Studio Version 17
VisualStudioVersion = 17.5.33530.505
MinimumVisualStudioVersion = 10.0.40219.1
Project("{2150E333-8FDC-42A3-9474-1A3956D46DE8}") = "Unit Testing", "Unit Testing", "{1E2E4524-FAC5-4FFD-A8A3-865DCFBEA3B0}"
EndProject
Project("{9A19103F-16F7-4668-BE54-9A1E7A4F7556}") = "SmartphoneShop", "SmartphoneShop\SmartphoneShop\SmartphoneShop.csproj", "{48CC1E77-AF07-49A9-9997-10FADB56E775}"
EndProject
Project("{9A19103F-16F7-4668-BE54-9A1E7A4F7556}") = "SmartphoneShop.Tests", "SmartphoneShop\SmartphoneShop.Tests\SmartphoneShop.Tests.csproj", "{A55A4C60-AF6C-4F9F-B7F2-A08234651DA5}"
EndProject
Global
	GlobalSection(SolutionConfigurationPlatforms) = preSolution
		Debug|Any CPU = Debug|Any CPU
		Release|Any CPU = Release|Any CPU
	EndGlobalSection
	GlobalSection(ProjectConfigurationPlatforms) = postSolution
		{48CC1E77-AF07-49A9-9997-10FADB56E775}.Debug|Any CPU.ActiveCfg = Debug|Any CPU
		{48CC1E77-AF07-49A9-9997-10FADB56E775}.Debug|Any CPU.Build.0 = Debug|Any CPU
		{48CC1E77-AF07-49A9-9997-10FADB56E775}.Release|Any CPU.ActiveCfg = Release|Any CPU
		{48CC1E77-AF07-49A9-9997-10FADB56E775}.Release|Any CPU.Build.0 = Release|Any CPU
		{A55A4C60-AF6C-4F9F-B7F2-A08234651DA5}.Debug|Any CPU.ActiveCfg = Debug|Any CPU
		{A55A4C60-AF6C-4F9F-B7F2-A08234651DA5}.Debug|Any CPU.Build.0 = Debug|Any CPU
		{A55A4C60-AF6C-4F9F-B7F2-A08234651DA5}.Release|Any CPU.ActiveCfg = Release|Any CPU
		{A55A4C60-AF6C-4F9F-B7F2-A08234651DA5}.Release|Any CPU.Build.0 = Release|Any CPU
	EndGlobalSection
	GlobalSection(SolutionProperties) = preSolution
		HideSolutionNode = FALSE
	EndGlobalSection
	GlobalSection(NestedProjects) = preSolution
		{48CC1E77-AF07-49A9-9997-10FADB56E775} = {1E2E4524-FAC5-4FFD-A8A3-865DCFBEA3B0}
		{A55A4C60-AF6C-4F9F-B7F2-A08234651DA5} = {1E2E4524-FAC5-4FFD-A8A3-865DCFBEA3B0}
	EndGlobalSection
	GlobalSection(ExtensibilityGlobals) = postSolution
		SolutionGuid = {6C4F782E-79C6-4D56-99C2-653B884E8682}
	EndGlobalSection
EndGlobal
