
Microsoft Visual Studio Solution File, Format Version 12.00
# Visual Studio Version 17
VisualStudioVersion = 17.7.34302.85
MinimumVisualStudioVersion = 10.0.40219.1
Project("{9A19103F-16F7-4668-BE54-9A1E7A4F7556}") = "01. Model Definition", "01. Model Definition\01. Model Definition.csproj", "{C85ED441-874C-48F0-ABC7-4149C9BDF397}"
EndProject
Project("{9A19103F-16F7-4668-BE54-9A1E7A4F7556}") = "02. Data Import", "02. Data Import\02. Data Import.csproj", "{4B4EE5EC-D19B-48BE-9A4A-B80DEECCB11F}"
EndProject
Project("{9A19103F-16F7-4668-BE54-9A1E7A4F7556}") = "03. Data Export", "03. Data Export\03. Data Export.csproj", "{599DF630-D383-439F-8CA8-347106117103}"
EndProject
Global
	GlobalSection(SolutionConfigurationPlatforms) = preSolution
		Debug|Any CPU = Debug|Any CPU
		Release|Any CPU = Release|Any CPU
	EndGlobalSection
	GlobalSection(ProjectConfigurationPlatforms) = postSolution
		{C85ED441-874C-48F0-ABC7-4149C9BDF397}.Debug|Any CPU.ActiveCfg = Debug|Any CPU
		{C85ED441-874C-48F0-ABC7-4149C9BDF397}.Debug|Any CPU.Build.0 = Debug|Any CPU
		{C85ED441-874C-48F0-ABC7-4149C9BDF397}.Release|Any CPU.ActiveCfg = Release|Any CPU
		{C85ED441-874C-48F0-ABC7-4149C9BDF397}.Release|Any CPU.Build.0 = Release|Any CPU
		{4B4EE5EC-D19B-48BE-9A4A-B80DEECCB11F}.Debug|Any CPU.ActiveCfg = Debug|Any CPU
		{4B4EE5EC-D19B-48BE-9A4A-B80DEECCB11F}.Debug|Any CPU.Build.0 = Debug|Any CPU
		{4B4EE5EC-D19B-48BE-9A4A-B80DEECCB11F}.Release|Any CPU.ActiveCfg = Release|Any CPU
		{4B4EE5EC-D19B-48BE-9A4A-B80DEECCB11F}.Release|Any CPU.Build.0 = Release|Any CPU
		{599DF630-D383-439F-8CA8-347106117103}.Debug|Any CPU.ActiveCfg = Debug|Any CPU
		{599DF630-D383-439F-8CA8-347106117103}.Debug|Any CPU.Build.0 = Debug|Any CPU
		{599DF630-D383-439F-8CA8-347106117103}.Release|Any CPU.ActiveCfg = Release|Any CPU
		{599DF630-D383-439F-8CA8-347106117103}.Release|Any CPU.Build.0 = Release|Any CPU
	EndGlobalSection
	GlobalSection(SolutionProperties) = preSolution
		HideSolutionNode = FALSE
	EndGlobalSection
	GlobalSection(ExtensibilityGlobals) = postSolution
		SolutionGuid = {1FAFF8F0-7EF0-42E1-9499-A069CDCB7C7B}
	EndGlobalSection
EndGlobal
